// !$*UTF8*$!
{
	archiveVersion = 1;
	classes = {
	};
	objectVersion = 56;
	objects = {

/* Begin PBXBuildFile section */
		569A350E2A89C98500FE098E /* AppDelegate.swift in Sources */ = {isa = PBXBuildFile; fileRef = 569A350D2A89C98500FE098E /* AppDelegate.swift */; };
		569A35122A89C98500FE098E /* ViewController.swift in Sources */ = {isa = PBXBuildFile; fileRef = 569A35112A89C98500FE098E /* ViewController.swift */; };
		569A35172A89C98600FE098E /* Assets.xcassets in Resources */ = {isa = PBXBuildFile; fileRef = 569A35162A89C98600FE098E /* Assets.xcassets */; };
		569A351A2A89C98600FE098E /* LaunchScreen.storyboard in Resources */ = {isa = PBXBuildFile; fileRef = 569A35182A89C98600FE098E /* LaunchScreen.storyboard */; };
		569A35252A89C98700FE098E /* PetmilyTests.swift in Sources */ = {isa = PBXBuildFile; fileRef = 569A35242A89C98700FE098E /* PetmilyTests.swift */; };
		569A352F2A89C98700FE098E /* PetmilyUITests.swift in Sources */ = {isa = PBXBuildFile; fileRef = 569A352E2A89C98700FE098E /* PetmilyUITests.swift */; };
		569A35312A89C98700FE098E /* PetmilyUITestsLaunchTests.swift in Sources */ = {isa = PBXBuildFile; fileRef = 569A35302A89C98700FE098E /* PetmilyUITestsLaunchTests.swift */; };
		569A353F2A89CB3B00FE098E /* IntroViewController.swift in Sources */ = {isa = PBXBuildFile; fileRef = 569A353D2A89CB3B00FE098E /* IntroViewController.swift */; };
		569A35422A89CB6E00FE098E /* BaseViewController.swift in Sources */ = {isa = PBXBuildFile; fileRef = 569A35412A89CB6E00FE098E /* BaseViewController.swift */; };
		569A35472A89CE0C00FE098E /* DailyViewController.swift in Sources */ = {isa = PBXBuildFile; fileRef = 569A35452A89CE0C00FE098E /* DailyViewController.swift */; };
		569A354B2A89CE2200FE098E /* InfoViewController.swift in Sources */ = {isa = PBXBuildFile; fileRef = 569A35492A89CE2200FE098E /* InfoViewController.swift */; };
		569A354F2A89CE2F00FE098E /* AddViewController.swift in Sources */ = {isa = PBXBuildFile; fileRef = 569A354D2A89CE2F00FE098E /* AddViewController.swift */; };
		569A35532A89CE5300FE098E /* AdoptViewController.swift in Sources */ = {isa = PBXBuildFile; fileRef = 569A35512A89CE5300FE098E /* AdoptViewController.swift */; };
		569A355A2A89CF1B00FE098E /* UIView+Extension.swift in Sources */ = {isa = PBXBuildFile; fileRef = 569A35592A89CF1B00FE098E /* UIView+Extension.swift */; };
		569A355C2A89D10A00FE098E /* CommonUtil.swift in Sources */ = {isa = PBXBuildFile; fileRef = 569A355B2A89D10A00FE098E /* CommonUtil.swift */; };
		569A355E2A89D13400FE098E /* Datamanager.swift in Sources */ = {isa = PBXBuildFile; fileRef = 569A355D2A89D13400FE098E /* Datamanager.swift */; };
		569A356F2A89DB6D00FE098E /* DailyViewController.xib in Resources */ = {isa = PBXBuildFile; fileRef = 569A35692A89DB6C00FE098E /* DailyViewController.xib */; };
		569A35702A89DB6D00FE098E /* MyPageViewController.xib in Resources */ = {isa = PBXBuildFile; fileRef = 569A356A2A89DB6D00FE098E /* MyPageViewController.xib */; };
		569A35712A89DB6D00FE098E /* AddViewController.xib in Resources */ = {isa = PBXBuildFile; fileRef = 569A356B2A89DB6D00FE098E /* AddViewController.xib */; };
		569A35722A89DB6D00FE098E /* InfoViewController.xib in Resources */ = {isa = PBXBuildFile; fileRef = 569A356C2A89DB6D00FE098E /* InfoViewController.xib */; };
		569A35732A89DB6D00FE098E /* AdoptViewController.xib in Resources */ = {isa = PBXBuildFile; fileRef = 569A356D2A89DB6D00FE098E /* AdoptViewController.xib */; };
		569A35762A89DBBD00FE098E /* IntroViewController.xib in Resources */ = {isa = PBXBuildFile; fileRef = 569A35752A89DBBD00FE098E /* IntroViewController.xib */; };
		569A35782A89FB8600FE098E /* Main.storyboard in Resources */ = {isa = PBXBuildFile; fileRef = 569A35772A89FB8600FE098E /* Main.storyboard */; };
		56C3CF282A8E475E00541EB8 /* CommonHeaderView.swift in Sources */ = {isa = PBXBuildFile; fileRef = 56C3CF262A8E475E00541EB8 /* CommonHeaderView.swift */; };
		56C3CF2E2A8E482900541EB8 /* UrlBtnCollectionViewCell.swift in Sources */ = {isa = PBXBuildFile; fileRef = 56C3CF2C2A8E482900541EB8 /* UrlBtnCollectionViewCell.swift */; };
		56C3CF2F2A8E482900541EB8 /* UrlBtnCollectionViewCell.xib in Resources */ = {isa = PBXBuildFile; fileRef = 56C3CF2D2A8E482900541EB8 /* UrlBtnCollectionViewCell.xib */; };
		56C3CF312A8E4A4200541EB8 /* BaseHeaderViewController.swift in Sources */ = {isa = PBXBuildFile; fileRef = 56C3CF302A8E4A4200541EB8 /* BaseHeaderViewController.swift */; };
		56C3CF332A8E4A5C00541EB8 /* Common.swift in Sources */ = {isa = PBXBuildFile; fileRef = 56C3CF322A8E4A5C00541EB8 /* Common.swift */; };
		56C3CF342A8E4AE600541EB8 /* InfoDetailViewController.xib in Resources */ = {isa = PBXBuildFile; fileRef = DF1059C92A8C749900F10DE1 /* InfoDetailViewController.xib */; };
		56DD2D922A8CBEF8008A9E12 /* ReelData.swift in Sources */ = {isa = PBXBuildFile; fileRef = 56DD2D912A8CBEF8008A9E12 /* ReelData.swift */; };
		56DD2D972A8CC781008A9E12 /* demo1.mp4 in Resources */ = {isa = PBXBuildFile; fileRef = 56DD2D932A8CC68F008A9E12 /* demo1.mp4 */; };
		56DD2D982A8CC781008A9E12 /* demo2.mp4 in Resources */ = {isa = PBXBuildFile; fileRef = 56DD2D962A8CC68F008A9E12 /* demo2.mp4 */; };
		56DD2D992A8CC781008A9E12 /* demo3.mp4 in Resources */ = {isa = PBXBuildFile; fileRef = 56DD2D942A8CC68F008A9E12 /* demo3.mp4 */; };
		56DD2D9A2A8CC781008A9E12 /* demo4.mp4 in Resources */ = {isa = PBXBuildFile; fileRef = 56DD2D952A8CC68F008A9E12 /* demo4.mp4 */; };
		56DD2DB82A8E41B5008A9E12 /* ReelCollectionViewCell.swift in Sources */ = {isa = PBXBuildFile; fileRef = 56DD2DB72A8E41B5008A9E12 /* ReelCollectionViewCell.swift */; };
		6BBEA34B2A8E791F00406C4C /* CommonHeaderView.xib in Resources */ = {isa = PBXBuildFile; fileRef = 6BBEA34A2A8E791F00406C4C /* CommonHeaderView.xib */; };
		6BBEA34D2A8E800200406C4C /* AddViewController in Sources */ = {isa = PBXBuildFile; fileRef = 6BBEA34C2A8E800200406C4C /* AddViewController */; };
		DF06F8412A8CAE3500B8A875 /* User.swift in Sources */ = {isa = PBXBuildFile; fileRef = DF06F8402A8CAE3500B8A875 /* User.swift */; };
		DF06F8462A8CBFC500B8A875 /* (null) in Sources */ = {isa = PBXBuildFile; };
		DF06F8472A8CBFC500B8A875 /* (null) in Resources */ = {isa = PBXBuildFile; };
		DF1059C42A8C563E00F10DE1 /* InfoTableViewCell.swift in Sources */ = {isa = PBXBuildFile; fileRef = DF1059C22A8C563E00F10DE1 /* InfoTableViewCell.swift */; };
		DF1059C52A8C563E00F10DE1 /* InfoTableViewCell.xib in Resources */ = {isa = PBXBuildFile; fileRef = DF1059C32A8C563E00F10DE1 /* InfoTableViewCell.xib */; };
		DF1059CA2A8C749900F10DE1 /* InfoDetailViewController.swift in Sources */ = {isa = PBXBuildFile; fileRef = DF1059C82A8C749900F10DE1 /* InfoDetailViewController.swift */; };
		DF1059CE2A8C7AD300F10DE1 /* Info.swift in Sources */ = {isa = PBXBuildFile; fileRef = DF1059CD2A8C7AD300F10DE1 /* Info.swift */; };
		DFD3A23F2A8E9333006867A0 /* CommonHeaderView.xib in Resources */ = {isa = PBXBuildFile; fileRef = DFD3A23E2A8E9333006867A0 /* CommonHeaderView.xib */; };
		FF2663292A8CB300000222B3 /* ProfileViewController.swift in Sources */ = {isa = PBXBuildFile; fileRef = FF2663282A8CB300000222B3 /* ProfileViewController.swift */; };
		FF26632D2A8CB9FE000222B3 /* CustomCollectionView.swift in Sources */ = {isa = PBXBuildFile; fileRef = FF26632C2A8CB9FE000222B3 /* CustomCollectionView.swift */; };
		FF7D0D342A8D43CC00F96E02 /* BaseTabbarController.swift in Sources */ = {isa = PBXBuildFile; fileRef = 569A35432A89CB7D00FE098E /* BaseTabbarController.swift */; };
		FF7D0D352A8D43EA00F96E02 /* MyPageViewController.swift in Sources */ = {isa = PBXBuildFile; fileRef = 569A35552A89CE7200FE098E /* MyPageViewController.swift */; };
		FF7D0D362A8D442900F96E02 /* MyPageCollectionViewCell.swift in Sources */ = {isa = PBXBuildFile; fileRef = FF26632A2A8CB77C000222B3 /* MyPageCollectionViewCell.swift */; };
		FF7D0D372A8D444700F96E02 /* InfoList.swift in Sources */ = {isa = PBXBuildFile; fileRef = DF1059CF2A8C7B5100F10DE1 /* InfoList.swift */; };
		FF7D0D382A8D445100F96E02 /* UserList.swift in Sources */ = {isa = PBXBuildFile; fileRef = DF06F8422A8CAF2100B8A875 /* UserList.swift */; };
/* End PBXBuildFile section */

/* Begin PBXContainerItemProxy section */
		569A35212A89C98700FE098E /* PBXContainerItemProxy */ = {
			isa = PBXContainerItemProxy;
			containerPortal = 569A35022A89C98500FE098E /* Project object */;
			proxyType = 1;
			remoteGlobalIDString = 569A35092A89C98500FE098E;
			remoteInfo = Petmily;
		};
		569A352B2A89C98700FE098E /* PBXContainerItemProxy */ = {
			isa = PBXContainerItemProxy;
			containerPortal = 569A35022A89C98500FE098E /* Project object */;
			proxyType = 1;
			remoteGlobalIDString = 569A35092A89C98500FE098E;
			remoteInfo = Petmily;
		};
/* End PBXContainerItemProxy section */

/* Begin PBXFileReference section */
		569A350A2A89C98500FE098E /* Petmily.app */ = {isa = PBXFileReference; explicitFileType = wrapper.application; includeInIndex = 0; path = Petmily.app; sourceTree = BUILT_PRODUCTS_DIR; };
		569A350D2A89C98500FE098E /* AppDelegate.swift */ = {isa = PBXFileReference; lastKnownFileType = sourcecode.swift; path = AppDelegate.swift; sourceTree = "<group>"; };
		569A35112A89C98500FE098E /* ViewController.swift */ = {isa = PBXFileReference; lastKnownFileType = sourcecode.swift; path = ViewController.swift; sourceTree = "<group>"; };
		569A35162A89C98600FE098E /* Assets.xcassets */ = {isa = PBXFileReference; lastKnownFileType = folder.assetcatalog; path = Assets.xcassets; sourceTree = "<group>"; };
		569A35192A89C98600FE098E /* Base */ = {isa = PBXFileReference; lastKnownFileType = file.storyboard; name = Base; path = Base.lproj/LaunchScreen.storyboard; sourceTree = "<group>"; };
		569A351B2A89C98600FE098E /* Info.plist */ = {isa = PBXFileReference; lastKnownFileType = text.plist.xml; path = Info.plist; sourceTree = "<group>"; };
		569A35202A89C98700FE098E /* PetmilyTests.xctest */ = {isa = PBXFileReference; explicitFileType = wrapper.cfbundle; includeInIndex = 0; path = PetmilyTests.xctest; sourceTree = BUILT_PRODUCTS_DIR; };
		569A35242A89C98700FE098E /* PetmilyTests.swift */ = {isa = PBXFileReference; lastKnownFileType = sourcecode.swift; path = PetmilyTests.swift; sourceTree = "<group>"; };
		569A352A2A89C98700FE098E /* PetmilyUITests.xctest */ = {isa = PBXFileReference; explicitFileType = wrapper.cfbundle; includeInIndex = 0; path = PetmilyUITests.xctest; sourceTree = BUILT_PRODUCTS_DIR; };
		569A352E2A89C98700FE098E /* PetmilyUITests.swift */ = {isa = PBXFileReference; lastKnownFileType = sourcecode.swift; path = PetmilyUITests.swift; sourceTree = "<group>"; };
		569A35302A89C98700FE098E /* PetmilyUITestsLaunchTests.swift */ = {isa = PBXFileReference; lastKnownFileType = sourcecode.swift; path = PetmilyUITestsLaunchTests.swift; sourceTree = "<group>"; };
		569A353D2A89CB3B00FE098E /* IntroViewController.swift */ = {isa = PBXFileReference; lastKnownFileType = sourcecode.swift; path = IntroViewController.swift; sourceTree = "<group>"; };
		569A35412A89CB6E00FE098E /* BaseViewController.swift */ = {isa = PBXFileReference; lastKnownFileType = sourcecode.swift; path = BaseViewController.swift; sourceTree = "<group>"; };
		569A35432A89CB7D00FE098E /* BaseTabbarController.swift */ = {isa = PBXFileReference; lastKnownFileType = sourcecode.swift; path = BaseTabbarController.swift; sourceTree = "<group>"; };
		569A35452A89CE0C00FE098E /* DailyViewController.swift */ = {isa = PBXFileReference; lastKnownFileType = sourcecode.swift; path = DailyViewController.swift; sourceTree = "<group>"; };
		569A35492A89CE2200FE098E /* InfoViewController.swift */ = {isa = PBXFileReference; lastKnownFileType = sourcecode.swift; path = InfoViewController.swift; sourceTree = "<group>"; };
		569A354D2A89CE2F00FE098E /* AddViewController.swift */ = {isa = PBXFileReference; lastKnownFileType = sourcecode.swift; path = AddViewController.swift; sourceTree = "<group>"; };
		569A35512A89CE5300FE098E /* AdoptViewController.swift */ = {isa = PBXFileReference; lastKnownFileType = sourcecode.swift; path = AdoptViewController.swift; sourceTree = "<group>"; };
		569A35552A89CE7200FE098E /* MyPageViewController.swift */ = {isa = PBXFileReference; lastKnownFileType = sourcecode.swift; path = MyPageViewController.swift; sourceTree = "<group>"; };
		569A35592A89CF1B00FE098E /* UIView+Extension.swift */ = {isa = PBXFileReference; lastKnownFileType = sourcecode.swift; path = "UIView+Extension.swift"; sourceTree = "<group>"; };
		569A355B2A89D10A00FE098E /* CommonUtil.swift */ = {isa = PBXFileReference; lastKnownFileType = sourcecode.swift; path = CommonUtil.swift; sourceTree = "<group>"; };
		569A355D2A89D13400FE098E /* Datamanager.swift */ = {isa = PBXFileReference; lastKnownFileType = sourcecode.swift; path = Datamanager.swift; sourceTree = "<group>"; };
		569A35692A89DB6C00FE098E /* DailyViewController.xib */ = {isa = PBXFileReference; fileEncoding = 4; lastKnownFileType = file.xib; path = DailyViewController.xib; sourceTree = "<group>"; };
		569A356A2A89DB6D00FE098E /* MyPageViewController.xib */ = {isa = PBXFileReference; fileEncoding = 4; lastKnownFileType = file.xib; path = MyPageViewController.xib; sourceTree = "<group>"; };
		569A356B2A89DB6D00FE098E /* AddViewController.xib */ = {isa = PBXFileReference; fileEncoding = 4; lastKnownFileType = file.xib; path = AddViewController.xib; sourceTree = "<group>"; };
		569A356C2A89DB6D00FE098E /* InfoViewController.xib */ = {isa = PBXFileReference; fileEncoding = 4; lastKnownFileType = file.xib; path = InfoViewController.xib; sourceTree = "<group>"; };
		569A356D2A89DB6D00FE098E /* AdoptViewController.xib */ = {isa = PBXFileReference; fileEncoding = 4; lastKnownFileType = file.xib; path = AdoptViewController.xib; sourceTree = "<group>"; };
		569A35752A89DBBD00FE098E /* IntroViewController.xib */ = {isa = PBXFileReference; fileEncoding = 4; lastKnownFileType = file.xib; path = IntroViewController.xib; sourceTree = "<group>"; };
		569A35772A89FB8600FE098E /* Main.storyboard */ = {isa = PBXFileReference; lastKnownFileType = file.storyboard; path = Main.storyboard; sourceTree = "<group>"; };
		56C3CF262A8E475E00541EB8 /* CommonHeaderView.swift */ = {isa = PBXFileReference; fileEncoding = 4; lastKnownFileType = sourcecode.swift; path = CommonHeaderView.swift; sourceTree = "<group>"; };
		56C3CF2C2A8E482900541EB8 /* UrlBtnCollectionViewCell.swift */ = {isa = PBXFileReference; fileEncoding = 4; lastKnownFileType = sourcecode.swift; path = UrlBtnCollectionViewCell.swift; sourceTree = "<group>"; };
		56C3CF2D2A8E482900541EB8 /* UrlBtnCollectionViewCell.xib */ = {isa = PBXFileReference; fileEncoding = 4; lastKnownFileType = file.xib; path = UrlBtnCollectionViewCell.xib; sourceTree = "<group>"; };
		56C3CF302A8E4A4200541EB8 /* BaseHeaderViewController.swift */ = {isa = PBXFileReference; fileEncoding = 4; lastKnownFileType = sourcecode.swift; path = BaseHeaderViewController.swift; sourceTree = "<group>"; };
		56C3CF322A8E4A5C00541EB8 /* Common.swift */ = {isa = PBXFileReference; fileEncoding = 4; lastKnownFileType = sourcecode.swift; path = Common.swift; sourceTree = "<group>"; };
		56DD2D912A8CBEF8008A9E12 /* ReelData.swift */ = {isa = PBXFileReference; lastKnownFileType = sourcecode.swift; path = ReelData.swift; sourceTree = "<group>"; };
		56DD2D932A8CC68F008A9E12 /* demo1.mp4 */ = {isa = PBXFileReference; lastKnownFileType = file; path = demo1.mp4; sourceTree = "<group>"; };
		56DD2D942A8CC68F008A9E12 /* demo3.mp4 */ = {isa = PBXFileReference; lastKnownFileType = file; path = demo3.mp4; sourceTree = "<group>"; };
		56DD2D952A8CC68F008A9E12 /* demo4.mp4 */ = {isa = PBXFileReference; lastKnownFileType = file; path = demo4.mp4; sourceTree = "<group>"; };
		56DD2D962A8CC68F008A9E12 /* demo2.mp4 */ = {isa = PBXFileReference; lastKnownFileType = file; path = demo2.mp4; sourceTree = "<group>"; };
		56DD2DB72A8E41B5008A9E12 /* ReelCollectionViewCell.swift */ = {isa = PBXFileReference; lastKnownFileType = sourcecode.swift; path = ReelCollectionViewCell.swift; sourceTree = "<group>"; };
		6BBEA34A2A8E791F00406C4C /* CommonHeaderView.xib */ = {isa = PBXFileReference; fileEncoding = 4; lastKnownFileType = file.xib; path = CommonHeaderView.xib; sourceTree = "<group>"; };
		6BBEA34C2A8E800200406C4C /* AddViewController */ = {isa = PBXFileReference; fileEncoding = 4; lastKnownFileType = text; name = AddViewController; path = "../../../../../../Desktop/무제 폴더/PetUI/PetUI/AddViewController"; sourceTree = "<group>"; };
		DF06F8402A8CAE3500B8A875 /* User.swift */ = {isa = PBXFileReference; lastKnownFileType = sourcecode.swift; path = User.swift; sourceTree = "<group>"; };
		DF06F8422A8CAF2100B8A875 /* UserList.swift */ = {isa = PBXFileReference; lastKnownFileType = sourcecode.swift; path = UserList.swift; sourceTree = "<group>"; };
		DF1059C22A8C563E00F10DE1 /* InfoTableViewCell.swift */ = {isa = PBXFileReference; lastKnownFileType = sourcecode.swift; path = InfoTableViewCell.swift; sourceTree = "<group>"; };
		DF1059C32A8C563E00F10DE1 /* InfoTableViewCell.xib */ = {isa = PBXFileReference; lastKnownFileType = file.xib; path = InfoTableViewCell.xib; sourceTree = "<group>"; };
		DF1059C82A8C749900F10DE1 /* InfoDetailViewController.swift */ = {isa = PBXFileReference; lastKnownFileType = sourcecode.swift; path = InfoDetailViewController.swift; sourceTree = "<group>"; };
		DF1059C92A8C749900F10DE1 /* InfoDetailViewController.xib */ = {isa = PBXFileReference; lastKnownFileType = file.xib; path = InfoDetailViewController.xib; sourceTree = "<group>"; };
		DF1059CD2A8C7AD300F10DE1 /* Info.swift */ = {isa = PBXFileReference; lastKnownFileType = sourcecode.swift; path = Info.swift; sourceTree = "<group>"; };
		DF1059CF2A8C7B5100F10DE1 /* InfoList.swift */ = {isa = PBXFileReference; lastKnownFileType = sourcecode.swift; path = InfoList.swift; sourceTree = "<group>"; };
		DFD3A23E2A8E9333006867A0 /* CommonHeaderView.xib */ = {isa = PBXFileReference; fileEncoding = 4; lastKnownFileType = file.xib; path = CommonHeaderView.xib; sourceTree = "<group>"; };
		FF2663282A8CB300000222B3 /* ProfileViewController.swift */ = {isa = PBXFileReference; lastKnownFileType = sourcecode.swift; path = ProfileViewController.swift; sourceTree = "<group>"; };
		FF26632A2A8CB77C000222B3 /* MyPageCollectionViewCell.swift */ = {isa = PBXFileReference; lastKnownFileType = sourcecode.swift; path = MyPageCollectionViewCell.swift; sourceTree = "<group>"; };
		FF26632C2A8CB9FE000222B3 /* CustomCollectionView.swift */ = {isa = PBXFileReference; lastKnownFileType = sourcecode.swift; path = CustomCollectionView.swift; sourceTree = "<group>"; };
/* End PBXFileReference section */

/* Begin PBXFrameworksBuildPhase section */
		569A35072A89C98500FE098E /* Frameworks */ = {
			isa = PBXFrameworksBuildPhase;
			buildActionMask = 2147483647;
			files = (
			);
			runOnlyForDeploymentPostprocessing = 0;
		};
		569A351D2A89C98700FE098E /* Frameworks */ = {
			isa = PBXFrameworksBuildPhase;
			buildActionMask = 2147483647;
			files = (
			);
			runOnlyForDeploymentPostprocessing = 0;
		};
		569A35272A89C98700FE098E /* Frameworks */ = {
			isa = PBXFrameworksBuildPhase;
			buildActionMask = 2147483647;
			files = (
			);
			runOnlyForDeploymentPostprocessing = 0;
		};
/* End PBXFrameworksBuildPhase section */

/* Begin PBXGroup section */
		569A35012A89C98500FE098E = {
			isa = PBXGroup;
			children = (
				569A350C2A89C98500FE098E /* Petmily */,
				569A35232A89C98700FE098E /* PetmilyTests */,
				569A352D2A89C98700FE098E /* PetmilyUITests */,
				569A350B2A89C98500FE098E /* Products */,
				56C3CF242A8E457000541EB8 /* Recovered References */,
			);
			sourceTree = "<group>";
		};
		569A350B2A89C98500FE098E /* Products */ = {
			isa = PBXGroup;
			children = (
				569A350A2A89C98500FE098E /* Petmily.app */,
				569A35202A89C98700FE098E /* PetmilyTests.xctest */,
				569A352A2A89C98700FE098E /* PetmilyUITests.xctest */,
			);
			name = Products;
			sourceTree = "<group>";
		};
		569A350C2A89C98500FE098E /* Petmily */ = {
			isa = PBXGroup;
			children = (
				569A350D2A89C98500FE098E /* AppDelegate.swift */,
				569A35112A89C98500FE098E /* ViewController.swift */,
				56DD2D882A8CB84A008A9E12 /* Video */,
				569A357D2A89FCA900FE098E /* Util */,
				569A357A2A89FC6300FE098E /* ViewControllers */,
				DF1059C62A8C564400F10DE1 /* Cell */,
				DF1059C72A8C743A00F10DE1 /* DetailView */,
				DF1059CC2A8C7AB100F10DE1 /* Model */,
				569A35772A89FB8600FE098E /* Main.storyboard */,
				569A35162A89C98600FE098E /* Assets.xcassets */,
				569A35182A89C98600FE098E /* LaunchScreen.storyboard */,
				569A351B2A89C98600FE098E /* Info.plist */,
			);
			path = Petmily;
			sourceTree = "<group>";
		};
		569A35232A89C98700FE098E /* PetmilyTests */ = {
			isa = PBXGroup;
			children = (
				569A35242A89C98700FE098E /* PetmilyTests.swift */,
			);
			path = PetmilyTests;
			sourceTree = "<group>";
		};
		569A352D2A89C98700FE098E /* PetmilyUITests */ = {
			isa = PBXGroup;
			children = (
				569A352E2A89C98700FE098E /* PetmilyUITests.swift */,
				569A35302A89C98700FE098E /* PetmilyUITestsLaunchTests.swift */,
			);
			path = PetmilyUITests;
			sourceTree = "<group>";
		};
		569A35792A89FC5900FE098E /* Extension */ = {
			isa = PBXGroup;
			children = (
				569A35592A89CF1B00FE098E /* UIView+Extension.swift */,
			);
			path = Extension;
			sourceTree = "<group>";
		};
		569A357A2A89FC6300FE098E /* ViewControllers */ = {
			isa = PBXGroup;
			children = (
				569A357B2A89FC7500FE098E /* Base */,
				569A353D2A89CB3B00FE098E /* IntroViewController.swift */,
				569A35752A89DBBD00FE098E /* IntroViewController.xib */,
				569A357C2A89FC9700FE098E /* Tabbar */,
			);
			path = ViewControllers;
			sourceTree = "<group>";
		};
		569A357B2A89FC7500FE098E /* Base */ = {
			isa = PBXGroup;
			children = (
				6BBEA34C2A8E800200406C4C /* AddViewController */,
				56C3CF302A8E4A4200541EB8 /* BaseHeaderViewController.swift */,
				569A35412A89CB6E00FE098E /* BaseViewController.swift */,
				569A35432A89CB7D00FE098E /* BaseTabbarController.swift */,
				569A35AB2A8C7B6500FE098E /* CommonHeaderView */,
			);
			path = Base;
			sourceTree = "<group>";
		};
		569A357C2A89FC9700FE098E /* Tabbar */ = {
			isa = PBXGroup;
			children = (
				569A35452A89CE0C00FE098E /* DailyViewController.swift */,
				569A35692A89DB6C00FE098E /* DailyViewController.xib */,
				56DD2DB92A8E41EB008A9E12 /* ReelCollectionViewCell */,
				56DD2D912A8CBEF8008A9E12 /* ReelData.swift */,
				569A35492A89CE2200FE098E /* InfoViewController.swift */,
				569A356C2A89DB6D00FE098E /* InfoViewController.xib */,
				569A354D2A89CE2F00FE098E /* AddViewController.swift */,
				569A356B2A89DB6D00FE098E /* AddViewController.xib */,
				569A35512A89CE5300FE098E /* AdoptViewController.swift */,
				569A356D2A89DB6D00FE098E /* AdoptViewController.xib */,
				569A35552A89CE7200FE098E /* MyPageViewController.swift */,
				569A356A2A89DB6D00FE098E /* MyPageViewController.xib */,
				FF2663282A8CB300000222B3 /* ProfileViewController.swift */,
				FF26632C2A8CB9FE000222B3 /* CustomCollectionView.swift */,
			);
			path = Tabbar;
			sourceTree = "<group>";
		};
		569A357D2A89FCA900FE098E /* Util */ = {
			isa = PBXGroup;
			children = (
				569A355D2A89D13400FE098E /* Datamanager.swift */,
				569A355B2A89D10A00FE098E /* CommonUtil.swift */,
				56C3CF322A8E4A5C00541EB8 /* Common.swift */,
				569A35792A89FC5900FE098E /* Extension */,
			);
			path = Util;
			sourceTree = "<group>";
		};
		569A35AB2A8C7B6500FE098E /* CommonHeaderView */ = {
			isa = PBXGroup;
			children = (
				6BBEA34A2A8E791F00406C4C /* CommonHeaderView.xib */,
				DFD3A23E2A8E9333006867A0 /* CommonHeaderView.xib */,
				56C3CF262A8E475E00541EB8 /* CommonHeaderView.swift */,
			);
			path = CommonHeaderView;
			sourceTree = "<group>";
		};
		56C3CF242A8E457000541EB8 /* Recovered References */ = {
			isa = PBXGroup;
			children = (
			);
			name = "Recovered References";
			sourceTree = "<group>";
		};
		56DD2D882A8CB84A008A9E12 /* Video */ = {
			isa = PBXGroup;
			children = (
				56DD2D932A8CC68F008A9E12 /* demo1.mp4 */,
				56DD2D962A8CC68F008A9E12 /* demo2.mp4 */,
				56DD2D942A8CC68F008A9E12 /* demo3.mp4 */,
				56DD2D952A8CC68F008A9E12 /* demo4.mp4 */,
			);
			path = Video;
			sourceTree = "<group>";
		};
		56DD2DB92A8E41EB008A9E12 /* ReelCollectionViewCell */ = {
			isa = PBXGroup;
			children = (
				56DD2DB72A8E41B5008A9E12 /* ReelCollectionViewCell.swift */,
			);
			path = ReelCollectionViewCell;
			sourceTree = "<group>";
		};
		DF1059C62A8C564400F10DE1 /* Cell */ = {
			isa = PBXGroup;
			children = (
				FF26632A2A8CB77C000222B3 /* MyPageCollectionViewCell.swift */,
				DF1059C22A8C563E00F10DE1 /* InfoTableViewCell.swift */,
				DF1059C32A8C563E00F10DE1 /* InfoTableViewCell.xib */,
				56C3CF2C2A8E482900541EB8 /* UrlBtnCollectionViewCell.swift */,
				56C3CF2D2A8E482900541EB8 /* UrlBtnCollectionViewCell.xib */,
			);
			path = Cell;
			sourceTree = "<group>";
		};
		DF1059C72A8C743A00F10DE1 /* DetailView */ = {
			isa = PBXGroup;
			children = (
				DF1059C82A8C749900F10DE1 /* InfoDetailViewController.swift */,
				DF1059C92A8C749900F10DE1 /* InfoDetailViewController.xib */,
			);
			path = DetailView;
			sourceTree = "<group>";
		};
		DF1059CC2A8C7AB100F10DE1 /* Model */ = {
			isa = PBXGroup;
			children = (
				DF1059CD2A8C7AD300F10DE1 /* Info.swift */,
				DF1059CF2A8C7B5100F10DE1 /* InfoList.swift */,
				DF06F8402A8CAE3500B8A875 /* User.swift */,
				DF06F8422A8CAF2100B8A875 /* UserList.swift */,
			);
			path = Model;
			sourceTree = "<group>";
		};
/* End PBXGroup section */

/* Begin PBXNativeTarget section */
		569A35092A89C98500FE098E /* Petmily */ = {
			isa = PBXNativeTarget;
			buildConfigurationList = 569A35342A89C98700FE098E /* Build configuration list for PBXNativeTarget "Petmily" */;
			buildPhases = (
				569A35062A89C98500FE098E /* Sources */,
				569A35072A89C98500FE098E /* Frameworks */,
				569A35082A89C98500FE098E /* Resources */,
			);
			buildRules = (
			);
			dependencies = (
			);
			name = Petmily;
			productName = Petmily;
			productReference = 569A350A2A89C98500FE098E /* Petmily.app */;
			productType = "com.apple.product-type.application";
		};
		569A351F2A89C98700FE098E /* PetmilyTests */ = {
			isa = PBXNativeTarget;
			buildConfigurationList = 569A35372A89C98700FE098E /* Build configuration list for PBXNativeTarget "PetmilyTests" */;
			buildPhases = (
				569A351C2A89C98700FE098E /* Sources */,
				569A351D2A89C98700FE098E /* Frameworks */,
				569A351E2A89C98700FE098E /* Resources */,
			);
			buildRules = (
			);
			dependencies = (
				569A35222A89C98700FE098E /* PBXTargetDependency */,
			);
			name = PetmilyTests;
			productName = PetmilyTests;
			productReference = 569A35202A89C98700FE098E /* PetmilyTests.xctest */;
			productType = "com.apple.product-type.bundle.unit-test";
		};
		569A35292A89C98700FE098E /* PetmilyUITests */ = {
			isa = PBXNativeTarget;
			buildConfigurationList = 569A353A2A89C98700FE098E /* Build configuration list for PBXNativeTarget "PetmilyUITests" */;
			buildPhases = (
				569A35262A89C98700FE098E /* Sources */,
				569A35272A89C98700FE098E /* Frameworks */,
				569A35282A89C98700FE098E /* Resources */,
			);
			buildRules = (
			);
			dependencies = (
				569A352C2A89C98700FE098E /* PBXTargetDependency */,
			);
			name = PetmilyUITests;
			productName = PetmilyUITests;
			productReference = 569A352A2A89C98700FE098E /* PetmilyUITests.xctest */;
			productType = "com.apple.product-type.bundle.ui-testing";
		};
/* End PBXNativeTarget section */

/* Begin PBXProject section */
		569A35022A89C98500FE098E /* Project object */ = {
			isa = PBXProject;
			attributes = {
				BuildIndependentTargetsInParallel = 1;
				LastSwiftUpdateCheck = 1430;
				LastUpgradeCheck = 1430;
				TargetAttributes = {
					569A35092A89C98500FE098E = {
						CreatedOnToolsVersion = 14.3;
					};
					569A351F2A89C98700FE098E = {
						CreatedOnToolsVersion = 14.3;
						TestTargetID = 569A35092A89C98500FE098E;
					};
					569A35292A89C98700FE098E = {
						CreatedOnToolsVersion = 14.3;
						TestTargetID = 569A35092A89C98500FE098E;
					};
				};
			};
			buildConfigurationList = 569A35052A89C98500FE098E /* Build configuration list for PBXProject "Petmily" */;
			compatibilityVersion = "Xcode 14.0";
			developmentRegion = en;
			hasScannedForEncodings = 0;
			knownRegions = (
				en,
				Base,
			);
			mainGroup = 569A35012A89C98500FE098E;
			productRefGroup = 569A350B2A89C98500FE098E /* Products */;
			projectDirPath = "";
			projectRoot = "";
			targets = (
				569A35092A89C98500FE098E /* Petmily */,
				569A351F2A89C98700FE098E /* PetmilyTests */,
				569A35292A89C98700FE098E /* PetmilyUITests */,
			);
		};
/* End PBXProject section */

/* Begin PBXResourcesBuildPhase section */
		569A35082A89C98500FE098E /* Resources */ = {
			isa = PBXResourcesBuildPhase;
			buildActionMask = 2147483647;
			files = (
				56DD2D972A8CC781008A9E12 /* demo1.mp4 in Resources */,
				56DD2D982A8CC781008A9E12 /* demo2.mp4 in Resources */,
				56DD2D992A8CC781008A9E12 /* demo3.mp4 in Resources */,
				56DD2D9A2A8CC781008A9E12 /* demo4.mp4 in Resources */,
				569A351A2A89C98600FE098E /* LaunchScreen.storyboard in Resources */,
				569A35712A89DB6D00FE098E /* AddViewController.xib in Resources */,
				569A35732A89DB6D00FE098E /* AdoptViewController.xib in Resources */,
				56C3CF2F2A8E482900541EB8 /* UrlBtnCollectionViewCell.xib in Resources */,
				DF06F8472A8CBFC500B8A875 /* (null) in Resources */,
				569A35762A89DBBD00FE098E /* IntroViewController.xib in Resources */,
				569A356F2A89DB6D00FE098E /* DailyViewController.xib in Resources */,
				6BBEA34B2A8E791F00406C4C /* CommonHeaderView.xib in Resources */,
				DFD3A23F2A8E9333006867A0 /* CommonHeaderView.xib in Resources */,
				DF1059C52A8C563E00F10DE1 /* InfoTableViewCell.xib in Resources */,
				56C3CF342A8E4AE600541EB8 /* InfoDetailViewController.xib in Resources */,
				569A35172A89C98600FE098E /* Assets.xcassets in Resources */,
				569A35782A89FB8600FE098E /* Main.storyboard in Resources */,
				569A35702A89DB6D00FE098E /* MyPageViewController.xib in Resources */,
				569A35722A89DB6D00FE098E /* InfoViewController.xib in Resources */,
			);
			runOnlyForDeploymentPostprocessing = 0;
		};
		569A351E2A89C98700FE098E /* Resources */ = {
			isa = PBXResourcesBuildPhase;
			buildActionMask = 2147483647;
			files = (
			);
			runOnlyForDeploymentPostprocessing = 0;
		};
		569A35282A89C98700FE098E /* Resources */ = {
			isa = PBXResourcesBuildPhase;
			buildActionMask = 2147483647;
			files = (
			);
			runOnlyForDeploymentPostprocessing = 0;
		};
/* End PBXResourcesBuildPhase section */

/* Begin PBXSourcesBuildPhase section */
		569A35062A89C98500FE098E /* Sources */ = {
			isa = PBXSourcesBuildPhase;
			buildActionMask = 2147483647;
			files = (
				6BBEA34D2A8E800200406C4C /* AddViewController in Sources */,
				569A35472A89CE0C00FE098E /* DailyViewController.swift in Sources */,
				DF1059CE2A8C7AD300F10DE1 /* Info.swift in Sources */,
				569A35532A89CE5300FE098E /* AdoptViewController.swift in Sources */,
				FF7D0D362A8D442900F96E02 /* MyPageCollectionViewCell.swift in Sources */,
				DF06F8462A8CBFC500B8A875 /* (null) in Sources */,
				569A35422A89CB6E00FE098E /* BaseViewController.swift in Sources */,
				56DD2DB82A8E41B5008A9E12 /* ReelCollectionViewCell.swift in Sources */,
				56C3CF2E2A8E482900541EB8 /* UrlBtnCollectionViewCell.swift in Sources */,
				FF7D0D382A8D445100F96E02 /* UserList.swift in Sources */,
				569A355C2A89D10A00FE098E /* CommonUtil.swift in Sources */,
				FF2663292A8CB300000222B3 /* ProfileViewController.swift in Sources */,
				569A355A2A89CF1B00FE098E /* UIView+Extension.swift in Sources */,
				56C3CF332A8E4A5C00541EB8 /* Common.swift in Sources */,
				569A354F2A89CE2F00FE098E /* AddViewController.swift in Sources */,
				FF7D0D342A8D43CC00F96E02 /* BaseTabbarController.swift in Sources */,
				FF26632D2A8CB9FE000222B3 /* CustomCollectionView.swift in Sources */,
				56C3CF282A8E475E00541EB8 /* CommonHeaderView.swift in Sources */,
				569A35122A89C98500FE098E /* ViewController.swift in Sources */,
				569A355E2A89D13400FE098E /* Datamanager.swift in Sources */,
				569A350E2A89C98500FE098E /* AppDelegate.swift in Sources */,
				FF7D0D372A8D444700F96E02 /* InfoList.swift in Sources */,
				DF1059C42A8C563E00F10DE1 /* InfoTableViewCell.swift in Sources */,
				FF7D0D352A8D43EA00F96E02 /* MyPageViewController.swift in Sources */,
				DF1059CA2A8C749900F10DE1 /* InfoDetailViewController.swift in Sources */,
				569A354B2A89CE2200FE098E /* InfoViewController.swift in Sources */,
				56C3CF312A8E4A4200541EB8 /* BaseHeaderViewController.swift in Sources */,
				569A353F2A89CB3B00FE098E /* IntroViewController.swift in Sources */,
				56DD2D922A8CBEF8008A9E12 /* ReelData.swift in Sources */,
				DF06F8412A8CAE3500B8A875 /* User.swift in Sources */,
			);
			runOnlyForDeploymentPostprocessing = 0;
		};
		569A351C2A89C98700FE098E /* Sources */ = {
			isa = PBXSourcesBuildPhase;
			buildActionMask = 2147483647;
			files = (
				569A35252A89C98700FE098E /* PetmilyTests.swift in Sources */,
			);
			runOnlyForDeploymentPostprocessing = 0;
		};
		569A35262A89C98700FE098E /* Sources */ = {
			isa = PBXSourcesBuildPhase;
			buildActionMask = 2147483647;
			files = (
				569A352F2A89C98700FE098E /* PetmilyUITests.swift in Sources */,
				569A35312A89C98700FE098E /* PetmilyUITestsLaunchTests.swift in Sources */,
			);
			runOnlyForDeploymentPostprocessing = 0;
		};
/* End PBXSourcesBuildPhase section */

/* Begin PBXTargetDependency section */
		569A35222A89C98700FE098E /* PBXTargetDependency */ = {
			isa = PBXTargetDependency;
			target = 569A35092A89C98500FE098E /* Petmily */;
			targetProxy = 569A35212A89C98700FE098E /* PBXContainerItemProxy */;
		};
		569A352C2A89C98700FE098E /* PBXTargetDependency */ = {
			isa = PBXTargetDependency;
			target = 569A35092A89C98500FE098E /* Petmily */;
			targetProxy = 569A352B2A89C98700FE098E /* PBXContainerItemProxy */;
		};
/* End PBXTargetDependency section */

/* Begin PBXVariantGroup section */
		569A35182A89C98600FE098E /* LaunchScreen.storyboard */ = {
			isa = PBXVariantGroup;
			children = (
				569A35192A89C98600FE098E /* Base */,
			);
			name = LaunchScreen.storyboard;
			sourceTree = "<group>";
		};
/* End PBXVariantGroup section */

/* Begin XCBuildConfiguration section */
		569A35322A89C98700FE098E /* Debug */ = {
			isa = XCBuildConfiguration;
			buildSettings = {
				ALWAYS_SEARCH_USER_PATHS = NO;
				CLANG_ANALYZER_NONNULL = YES;
				CLANG_ANALYZER_NUMBER_OBJECT_CONVERSION = YES_AGGRESSIVE;
				CLANG_CXX_LANGUAGE_STANDARD = "gnu++20";
				CLANG_ENABLE_MODULES = YES;
				CLANG_ENABLE_OBJC_ARC = YES;
				CLANG_ENABLE_OBJC_WEAK = YES;
				CLANG_WARN_BLOCK_CAPTURE_AUTORELEASING = YES;
				CLANG_WARN_BOOL_CONVERSION = YES;
				CLANG_WARN_COMMA = YES;
				CLANG_WARN_CONSTANT_CONVERSION = YES;
				CLANG_WARN_DEPRECATED_OBJC_IMPLEMENTATIONS = YES;
				CLANG_WARN_DIRECT_OBJC_ISA_USAGE = YES_ERROR;
				CLANG_WARN_DOCUMENTATION_COMMENTS = YES;
				CLANG_WARN_EMPTY_BODY = YES;
				CLANG_WARN_ENUM_CONVERSION = YES;
				CLANG_WARN_INFINITE_RECURSION = YES;
				CLANG_WARN_INT_CONVERSION = YES;
				CLANG_WARN_NON_LITERAL_NULL_CONVERSION = YES;
				CLANG_WARN_OBJC_IMPLICIT_RETAIN_SELF = YES;
				CLANG_WARN_OBJC_LITERAL_CONVERSION = YES;
				CLANG_WARN_OBJC_ROOT_CLASS = YES_ERROR;
				CLANG_WARN_QUOTED_INCLUDE_IN_FRAMEWORK_HEADER = YES;
				CLANG_WARN_RANGE_LOOP_ANALYSIS = YES;
				CLANG_WARN_STRICT_PROTOTYPES = YES;
				CLANG_WARN_SUSPICIOUS_MOVE = YES;
				CLANG_WARN_UNGUARDED_AVAILABILITY = YES_AGGRESSIVE;
				CLANG_WARN_UNREACHABLE_CODE = YES;
				CLANG_WARN__DUPLICATE_METHOD_MATCH = YES;
				COPY_PHASE_STRIP = NO;
				DEBUG_INFORMATION_FORMAT = dwarf;
				ENABLE_STRICT_OBJC_MSGSEND = YES;
				ENABLE_TESTABILITY = YES;
				GCC_C_LANGUAGE_STANDARD = gnu11;
				GCC_DYNAMIC_NO_PIC = NO;
				GCC_NO_COMMON_BLOCKS = YES;
				GCC_OPTIMIZATION_LEVEL = 0;
				GCC_PREPROCESSOR_DEFINITIONS = (
					"DEBUG=1",
					"$(inherited)",
				);
				GCC_WARN_64_TO_32_BIT_CONVERSION = YES;
				GCC_WARN_ABOUT_RETURN_TYPE = YES_ERROR;
				GCC_WARN_UNDECLARED_SELECTOR = YES;
				GCC_WARN_UNINITIALIZED_AUTOS = YES_AGGRESSIVE;
				GCC_WARN_UNUSED_FUNCTION = YES;
				GCC_WARN_UNUSED_VARIABLE = YES;
				IPHONEOS_DEPLOYMENT_TARGET = 16.4;
				MTL_ENABLE_DEBUG_INFO = INCLUDE_SOURCE;
				MTL_FAST_MATH = YES;
				ONLY_ACTIVE_ARCH = YES;
				SDKROOT = iphoneos;
				SWIFT_ACTIVE_COMPILATION_CONDITIONS = DEBUG;
				SWIFT_OPTIMIZATION_LEVEL = "-Onone";
			};
			name = Debug;
		};
		569A35332A89C98700FE098E /* Release */ = {
			isa = XCBuildConfiguration;
			buildSettings = {
				ALWAYS_SEARCH_USER_PATHS = NO;
				CLANG_ANALYZER_NONNULL = YES;
				CLANG_ANALYZER_NUMBER_OBJECT_CONVERSION = YES_AGGRESSIVE;
				CLANG_CXX_LANGUAGE_STANDARD = "gnu++20";
				CLANG_ENABLE_MODULES = YES;
				CLANG_ENABLE_OBJC_ARC = YES;
				CLANG_ENABLE_OBJC_WEAK = YES;
				CLANG_WARN_BLOCK_CAPTURE_AUTORELEASING = YES;
				CLANG_WARN_BOOL_CONVERSION = YES;
				CLANG_WARN_COMMA = YES;
				CLANG_WARN_CONSTANT_CONVERSION = YES;
				CLANG_WARN_DEPRECATED_OBJC_IMPLEMENTATIONS = YES;
				CLANG_WARN_DIRECT_OBJC_ISA_USAGE = YES_ERROR;
				CLANG_WARN_DOCUMENTATION_COMMENTS = YES;
				CLANG_WARN_EMPTY_BODY = YES;
				CLANG_WARN_ENUM_CONVERSION = YES;
				CLANG_WARN_INFINITE_RECURSION = YES;
				CLANG_WARN_INT_CONVERSION = YES;
				CLANG_WARN_NON_LITERAL_NULL_CONVERSION = YES;
				CLANG_WARN_OBJC_IMPLICIT_RETAIN_SELF = YES;
				CLANG_WARN_OBJC_LITERAL_CONVERSION = YES;
				CLANG_WARN_OBJC_ROOT_CLASS = YES_ERROR;
				CLANG_WARN_QUOTED_INCLUDE_IN_FRAMEWORK_HEADER = YES;
				CLANG_WARN_RANGE_LOOP_ANALYSIS = YES;
				CLANG_WARN_STRICT_PROTOTYPES = YES;
				CLANG_WARN_SUSPICIOUS_MOVE = YES;
				CLANG_WARN_UNGUARDED_AVAILABILITY = YES_AGGRESSIVE;
				CLANG_WARN_UNREACHABLE_CODE = YES;
				CLANG_WARN__DUPLICATE_METHOD_MATCH = YES;
				COPY_PHASE_STRIP = NO;
				DEBUG_INFORMATION_FORMAT = "dwarf-with-dsym";
				ENABLE_NS_ASSERTIONS = NO;
				ENABLE_STRICT_OBJC_MSGSEND = YES;
				GCC_C_LANGUAGE_STANDARD = gnu11;
				GCC_NO_COMMON_BLOCKS = YES;
				GCC_WARN_64_TO_32_BIT_CONVERSION = YES;
				GCC_WARN_ABOUT_RETURN_TYPE = YES_ERROR;
				GCC_WARN_UNDECLARED_SELECTOR = YES;
				GCC_WARN_UNINITIALIZED_AUTOS = YES_AGGRESSIVE;
				GCC_WARN_UNUSED_FUNCTION = YES;
				GCC_WARN_UNUSED_VARIABLE = YES;
				IPHONEOS_DEPLOYMENT_TARGET = 16.4;
				MTL_ENABLE_DEBUG_INFO = NO;
				MTL_FAST_MATH = YES;
				SDKROOT = iphoneos;
				SWIFT_COMPILATION_MODE = wholemodule;
				SWIFT_OPTIMIZATION_LEVEL = "-O";
				VALIDATE_PRODUCT = YES;
			};
			name = Release;
		};
		569A35352A89C98700FE098E /* Debug */ = {
			isa = XCBuildConfiguration;
			buildSettings = {
				ASSETCATALOG_COMPILER_APPICON_NAME = AppIcon;
				ASSETCATALOG_COMPILER_GLOBAL_ACCENT_COLOR_NAME = AccentColor;
				CODE_SIGN_STYLE = Automatic;
				CURRENT_PROJECT_VERSION = 1;
				DEVELOPMENT_TEAM = YRZW7MZ3P5;
				GENERATE_INFOPLIST_FILE = YES;
				INFOPLIST_FILE = Petmily/Info.plist;
				INFOPLIST_KEY_UIApplicationSupportsIndirectInputEvents = YES;
				INFOPLIST_KEY_UISupportedInterfaceOrientations_iPad = "UIInterfaceOrientationPortrait UIInterfaceOrientationPortraitUpsideDown UIInterfaceOrientationLandscapeLeft UIInterfaceOrientationLandscapeRight";
				INFOPLIST_KEY_UISupportedInterfaceOrientations_iPhone = "UIInterfaceOrientationPortrait UIInterfaceOrientationLandscapeLeft UIInterfaceOrientationLandscapeRight";
				LD_RUNPATH_SEARCH_PATHS = (
					"$(inherited)",
					"@executable_path/Frameworks",
				);
				MARKETING_VERSION = 1.0;
				PRODUCT_BUNDLE_IDENTIFIER = com.jingni.Petmily;
				PRODUCT_NAME = "$(TARGET_NAME)";
				SWIFT_EMIT_LOC_STRINGS = YES;
				SWIFT_VERSION = 5.0;
				TARGETED_DEVICE_FAMILY = "1,2";
			};
			name = Debug;
		};
		569A35362A89C98700FE098E /* Release */ = {
			isa = XCBuildConfiguration;
			buildSettings = {
				ASSETCATALOG_COMPILER_APPICON_NAME = AppIcon;
				ASSETCATALOG_COMPILER_GLOBAL_ACCENT_COLOR_NAME = AccentColor;
				CODE_SIGN_STYLE = Automatic;
				CURRENT_PROJECT_VERSION = 1;
				DEVELOPMENT_TEAM = YRZW7MZ3P5;
				GENERATE_INFOPLIST_FILE = YES;
				INFOPLIST_FILE = Petmily/Info.plist;
				INFOPLIST_KEY_UIApplicationSupportsIndirectInputEvents = YES;
				INFOPLIST_KEY_UISupportedInterfaceOrientations_iPad = "UIInterfaceOrientationPortrait UIInterfaceOrientationPortraitUpsideDown UIInterfaceOrientationLandscapeLeft UIInterfaceOrientationLandscapeRight";
				INFOPLIST_KEY_UISupportedInterfaceOrientations_iPhone = "UIInterfaceOrientationPortrait UIInterfaceOrientationLandscapeLeft UIInterfaceOrientationLandscapeRight";
				LD_RUNPATH_SEARCH_PATHS = (
					"$(inherited)",
					"@executable_path/Frameworks",
				);
				MARKETING_VERSION = 1.0;
				PRODUCT_BUNDLE_IDENTIFIER = com.jingni.Petmily;
				PRODUCT_NAME = "$(TARGET_NAME)";
				SWIFT_EMIT_LOC_STRINGS = YES;
				SWIFT_VERSION = 5.0;
				TARGETED_DEVICE_FAMILY = "1,2";
			};
			name = Release;
		};
		569A35382A89C98700FE098E /* Debug */ = {
			isa = XCBuildConfiguration;
			buildSettings = {
				ALWAYS_EMBED_SWIFT_STANDARD_LIBRARIES = YES;
				BUNDLE_LOADER = "$(TEST_HOST)";
				CODE_SIGN_STYLE = Automatic;
				CURRENT_PROJECT_VERSION = 1;
				DEVELOPMENT_TEAM = YRZW7MZ3P5;
				GENERATE_INFOPLIST_FILE = YES;
				IPHONEOS_DEPLOYMENT_TARGET = 16.4;
				MARKETING_VERSION = 1.0;
				PRODUCT_BUNDLE_IDENTIFIER = com.jingni.PetmilyTests;
				PRODUCT_NAME = "$(TARGET_NAME)";
				SWIFT_EMIT_LOC_STRINGS = NO;
				SWIFT_VERSION = 5.0;
				TARGETED_DEVICE_FAMILY = "1,2";
				TEST_HOST = "$(BUILT_PRODUCTS_DIR)/Petmily.app/$(BUNDLE_EXECUTABLE_FOLDER_PATH)/Petmily";
			};
			name = Debug;
		};
		569A35392A89C98700FE098E /* Release */ = {
			isa = XCBuildConfiguration;
			buildSettings = {
				ALWAYS_EMBED_SWIFT_STANDARD_LIBRARIES = YES;
				BUNDLE_LOADER = "$(TEST_HOST)";
				CODE_SIGN_STYLE = Automatic;
				CURRENT_PROJECT_VERSION = 1;
				DEVELOPMENT_TEAM = YRZW7MZ3P5;
				GENERATE_INFOPLIST_FILE = YES;
				IPHONEOS_DEPLOYMENT_TARGET = 16.4;
				MARKETING_VERSION = 1.0;
				PRODUCT_BUNDLE_IDENTIFIER = com.jingni.PetmilyTests;
				PRODUCT_NAME = "$(TARGET_NAME)";
				SWIFT_EMIT_LOC_STRINGS = NO;
				SWIFT_VERSION = 5.0;
				TARGETED_DEVICE_FAMILY = "1,2";
				TEST_HOST = "$(BUILT_PRODUCTS_DIR)/Petmily.app/$(BUNDLE_EXECUTABLE_FOLDER_PATH)/Petmily";
			};
			name = Release;
		};
		569A353B2A89C98700FE098E /* Debug */ = {
			isa = XCBuildConfiguration;
			buildSettings = {
				ALWAYS_EMBED_SWIFT_STANDARD_LIBRARIES = YES;
				CODE_SIGN_STYLE = Automatic;
				CURRENT_PROJECT_VERSION = 1;
				DEVELOPMENT_TEAM = YRZW7MZ3P5;
				GENERATE_INFOPLIST_FILE = YES;
				MARKETING_VERSION = 1.0;
				PRODUCT_BUNDLE_IDENTIFIER = com.jingni.PetmilyUITests;
				PRODUCT_NAME = "$(TARGET_NAME)";
				SWIFT_EMIT_LOC_STRINGS = NO;
				SWIFT_VERSION = 5.0;
				TARGETED_DEVICE_FAMILY = "1,2";
				TEST_TARGET_NAME = Petmily;
			};
			name = Debug;
		};
		569A353C2A89C98700FE098E /* Release */ = {
			isa = XCBuildConfiguration;
			buildSettings = {
				ALWAYS_EMBED_SWIFT_STANDARD_LIBRARIES = YES;
				CODE_SIGN_STYLE = Automatic;
				CURRENT_PROJECT_VERSION = 1;
				DEVELOPMENT_TEAM = YRZW7MZ3P5;
				GENERATE_INFOPLIST_FILE = YES;
				MARKETING_VERSION = 1.0;
				PRODUCT_BUNDLE_IDENTIFIER = com.jingni.PetmilyUITests;
				PRODUCT_NAME = "$(TARGET_NAME)";
				SWIFT_EMIT_LOC_STRINGS = NO;
				SWIFT_VERSION = 5.0;
				TARGETED_DEVICE_FAMILY = "1,2";
				TEST_TARGET_NAME = Petmily;
			};
			name = Release;
		};
/* End XCBuildConfiguration section */

/* Begin XCConfigurationList section */
		569A35052A89C98500FE098E /* Build configuration list for PBXProject "Petmily" */ = {
			isa = XCConfigurationList;
			buildConfigurations = (
				569A35322A89C98700FE098E /* Debug */,
				569A35332A89C98700FE098E /* Release */,
			);
			defaultConfigurationIsVisible = 0;
			defaultConfigurationName = Release;
		};
		569A35342A89C98700FE098E /* Build configuration list for PBXNativeTarget "Petmily" */ = {
			isa = XCConfigurationList;
			buildConfigurations = (
				569A35352A89C98700FE098E /* Debug */,
				569A35362A89C98700FE098E /* Release */,
			);
			defaultConfigurationIsVisible = 0;
			defaultConfigurationName = Release;
		};
		569A35372A89C98700FE098E /* Build configuration list for PBXNativeTarget "PetmilyTests" */ = {
			isa = XCConfigurationList;
			buildConfigurations = (
				569A35382A89C98700FE098E /* Debug */,
				569A35392A89C98700FE098E /* Release */,
			);
			defaultConfigurationIsVisible = 0;
			defaultConfigurationName = Release;
		};
		569A353A2A89C98700FE098E /* Build configuration list for PBXNativeTarget "PetmilyUITests" */ = {
			isa = XCConfigurationList;
			buildConfigurations = (
				569A353B2A89C98700FE098E /* Debug */,
				569A353C2A89C98700FE098E /* Release */,
			);
			defaultConfigurationIsVisible = 0;
			defaultConfigurationName = Release;
		};
/* End XCConfigurationList section */
	};
	rootObject = 569A35022A89C98500FE098E /* Project object */;
}
