// !$*UTF8*$!
{
	archiveVersion = 1;
	classes = {
	};
	objectVersion = 56;
	objects = {

/* Begin PBXBuildFile section */
		330C5A7A2AFEFFCE00F15272 /* SectionHeaderView.swift in Sources */ = {isa = PBXBuildFile; fileRef = 330C5A792AFEFFCE00F15272 /* SectionHeaderView.swift */; };
		330C5A7C2AFF06DB00F15272 /* InfoViewModel.swift in Sources */ = {isa = PBXBuildFile; fileRef = 330C5A7B2AFF06DB00F15272 /* InfoViewModel.swift */; };
		330FD5402AFE83DD00EBA58C /* InfoView.swift in Sources */ = {isa = PBXBuildFile; fileRef = 330FD53F2AFE83DD00EBA58C /* InfoView.swift */; };
		330FD5422AFE83FE00EBA58C /* ShareInfoViewCell.swift in Sources */ = {isa = PBXBuildFile; fileRef = 330FD5412AFE83FE00EBA58C /* ShareInfoViewCell.swift */; };
		330FD5442AFE841E00EBA58C /* InfoViewController.swift in Sources */ = {isa = PBXBuildFile; fileRef = 330FD5432AFE841E00EBA58C /* InfoViewController.swift */; };
		33387A0A2B030F10000E8148 /* PopularContentCell.swift in Sources */ = {isa = PBXBuildFile; fileRef = 33387A092B030F10000E8148 /* PopularContentCell.swift */; };
		339C820A2B00C7100065AAAD /* InfoContent.swift in Sources */ = {isa = PBXBuildFile; fileRef = 339C82092B00C7100065AAAD /* InfoContent.swift */; };
		339C820E2B0127FB0065AAAD /* NSAttributedString+.swift in Sources */ = {isa = PBXBuildFile; fileRef = 339C820D2B0127FB0065AAAD /* NSAttributedString+.swift */; };
		339C82102B012BB00065AAAD /* AppConstraint.swift in Sources */ = {isa = PBXBuildFile; fileRef = 339C820F2B012BB00065AAAD /* AppConstraint.swift */; };
		5632E6B42AA793B300728F87 /* CameraViewController.swift in Sources */ = {isa = PBXBuildFile; fileRef = 5632E6B22AA793B300728F87 /* CameraViewController.swift */; };
		5632E6B52AA793B300728F87 /* CameraViewController.xib in Resources */ = {isa = PBXBuildFile; fileRef = 5632E6B32AA793B300728F87 /* CameraViewController.xib */; };
		5632E6B82AA7998400728F87 /* EditVideoViewController.swift in Sources */ = {isa = PBXBuildFile; fileRef = 5632E6B62AA7998400728F87 /* EditVideoViewController.swift */; };
		5632E6B92AA7998400728F87 /* EditVideoViewController.xib in Resources */ = {isa = PBXBuildFile; fileRef = 5632E6B72AA7998400728F87 /* EditVideoViewController.xib */; };
		5655C0B42AFE1519002BC9C6 /* TabBarView.swift in Sources */ = {isa = PBXBuildFile; fileRef = 5655C0B32AFE1519002BC9C6 /* TabBarView.swift */; };
		5655C0B62AFE18D3002BC9C6 /* TabBarController.swift in Sources */ = {isa = PBXBuildFile; fileRef = 5655C0B52AFE18D3002BC9C6 /* TabBarController.swift */; };
		5655C0B92B00BF19002BC9C6 /* FirebaseAnalytics in Frameworks */ = {isa = PBXBuildFile; productRef = 5655C0B82B00BF19002BC9C6 /* FirebaseAnalytics */; };
		5655C0BB2B00BF19002BC9C6 /* FirebaseAnalyticsSwift in Frameworks */ = {isa = PBXBuildFile; productRef = 5655C0BA2B00BF19002BC9C6 /* FirebaseAnalyticsSwift */; };
		5655C0BD2B00BF19002BC9C6 /* FirebaseAuth in Frameworks */ = {isa = PBXBuildFile; productRef = 5655C0BC2B00BF19002BC9C6 /* FirebaseAuth */; };
		5655C0BF2B00BF19002BC9C6 /* FirebaseCrashlytics in Frameworks */ = {isa = PBXBuildFile; productRef = 5655C0BE2B00BF19002BC9C6 /* FirebaseCrashlytics */; };
		5655C0C12B00BF19002BC9C6 /* FirebaseDatabase in Frameworks */ = {isa = PBXBuildFile; productRef = 5655C0C02B00BF19002BC9C6 /* FirebaseDatabase */; };
		5655C0C32B00BF19002BC9C6 /* FirebaseDatabaseSwift in Frameworks */ = {isa = PBXBuildFile; productRef = 5655C0C22B00BF19002BC9C6 /* FirebaseDatabaseSwift */; };
		5655C0C52B00BF19002BC9C6 /* FirebaseFirestore in Frameworks */ = {isa = PBXBuildFile; productRef = 5655C0C42B00BF19002BC9C6 /* FirebaseFirestore */; };
		5655C0C72B00BF19002BC9C6 /* FirebaseFirestoreSwift in Frameworks */ = {isa = PBXBuildFile; productRef = 5655C0C62B00BF19002BC9C6 /* FirebaseFirestoreSwift */; };
		5655C0C92B00BF19002BC9C6 /* FirebaseMessaging in Frameworks */ = {isa = PBXBuildFile; productRef = 5655C0C82B00BF19002BC9C6 /* FirebaseMessaging */; };
		5655C0CB2B00BF19002BC9C6 /* FirebaseStorage in Frameworks */ = {isa = PBXBuildFile; productRef = 5655C0CA2B00BF19002BC9C6 /* FirebaseStorage */; };
		565C8B0F2A9129C900167A92 /* GoogleService-Info.plist in Resources */ = {isa = PBXBuildFile; fileRef = 565C8B0E2A9129C900167A92 /* GoogleService-Info.plist */; };
		565C8B122A912DD600167A92 /* ReplyViewController.swift in Sources */ = {isa = PBXBuildFile; fileRef = 565C8B102A912DD600167A92 /* ReplyViewController.swift */; };
		565C8B132A912DD600167A92 /* ReplyViewController.xib in Resources */ = {isa = PBXBuildFile; fileRef = 565C8B112A912DD600167A92 /* ReplyViewController.xib */; };
		565C8B162A912E8800167A92 /* ReplyTableViewCell.swift in Sources */ = {isa = PBXBuildFile; fileRef = 565C8B142A912E8800167A92 /* ReplyTableViewCell.swift */; };
		565C8B172A912E8800167A92 /* ReplyTableViewCell.xib in Resources */ = {isa = PBXBuildFile; fileRef = 565C8B152A912E8800167A92 /* ReplyTableViewCell.xib */; };
		569A350E2A89C98500FE098E /* AppDelegate.swift in Sources */ = {isa = PBXBuildFile; fileRef = 569A350D2A89C98500FE098E /* AppDelegate.swift */; };
		569A35122A89C98500FE098E /* ViewController.swift in Sources */ = {isa = PBXBuildFile; fileRef = 569A35112A89C98500FE098E /* ViewController.swift */; };
		569A35172A89C98600FE098E /* Assets.xcassets in Resources */ = {isa = PBXBuildFile; fileRef = 569A35162A89C98600FE098E /* Assets.xcassets */; };
		569A351A2A89C98600FE098E /* LaunchScreen.storyboard in Resources */ = {isa = PBXBuildFile; fileRef = 569A35182A89C98600FE098E /* LaunchScreen.storyboard */; };
		569A35252A89C98700FE098E /* PetmilyTests.swift in Sources */ = {isa = PBXBuildFile; fileRef = 569A35242A89C98700FE098E /* PetmilyTests.swift */; };
		569A352F2A89C98700FE098E /* PetmilyUITests.swift in Sources */ = {isa = PBXBuildFile; fileRef = 569A352E2A89C98700FE098E /* PetmilyUITests.swift */; };
		569A35312A89C98700FE098E /* PetmilyUITestsLaunchTests.swift in Sources */ = {isa = PBXBuildFile; fileRef = 569A35302A89C98700FE098E /* PetmilyUITestsLaunchTests.swift */; };
		569A353F2A89CB3B00FE098E /* IntroViewController.swift in Sources */ = {isa = PBXBuildFile; fileRef = 569A353D2A89CB3B00FE098E /* IntroViewController.swift */; };
		569A35422A89CB6E00FE098E /* BaseViewController.swift in Sources */ = {isa = PBXBuildFile; fileRef = 569A35412A89CB6E00FE098E /* BaseViewController.swift */; };
		569A35472A89CE0C00FE098E /* DailyViewController.swift in Sources */ = {isa = PBXBuildFile; fileRef = 569A35452A89CE0C00FE098E /* DailyViewController.swift */; };
		569A354F2A89CE2F00FE098E /* AddViewController.swift in Sources */ = {isa = PBXBuildFile; fileRef = 569A354D2A89CE2F00FE098E /* AddViewController.swift */; };
		569A355A2A89CF1B00FE098E /* UIView+Extension.swift in Sources */ = {isa = PBXBuildFile; fileRef = 569A35592A89CF1B00FE098E /* UIView+Extension.swift */; };
		569A355C2A89D10A00FE098E /* CommonUtil.swift in Sources */ = {isa = PBXBuildFile; fileRef = 569A355B2A89D10A00FE098E /* CommonUtil.swift */; };
		569A355E2A89D13400FE098E /* DataManager.swift in Sources */ = {isa = PBXBuildFile; fileRef = 569A355D2A89D13400FE098E /* DataManager.swift */; };
		569A356F2A89DB6D00FE098E /* DailyViewController.xib in Resources */ = {isa = PBXBuildFile; fileRef = 569A35692A89DB6C00FE098E /* DailyViewController.xib */; };
		569A35702A89DB6D00FE098E /* MyPageViewController.xib in Resources */ = {isa = PBXBuildFile; fileRef = 569A356A2A89DB6D00FE098E /* MyPageViewController.xib */; };
		569A35712A89DB6D00FE098E /* AddViewController.xib in Resources */ = {isa = PBXBuildFile; fileRef = 569A356B2A89DB6D00FE098E /* AddViewController.xib */; };
		569A35722A89DB6D00FE098E /* InfoViewController.xib in Resources */ = {isa = PBXBuildFile; fileRef = 569A356C2A89DB6D00FE098E /* InfoViewController.xib */; };
		569A35762A89DBBD00FE098E /* IntroViewController.xib in Resources */ = {isa = PBXBuildFile; fileRef = 569A35752A89DBBD00FE098E /* IntroViewController.xib */; };
		569A35782A89FB8600FE098E /* Main.storyboard in Resources */ = {isa = PBXBuildFile; fileRef = 569A35772A89FB8600FE098E /* Main.storyboard */; };
		56C3CF282A8E475E00541EB8 /* CommonHeaderView.swift in Sources */ = {isa = PBXBuildFile; fileRef = 56C3CF262A8E475E00541EB8 /* CommonHeaderView.swift */; };
		56C3CF2E2A8E482900541EB8 /* UrlBtnCollectionViewCell.swift in Sources */ = {isa = PBXBuildFile; fileRef = 56C3CF2C2A8E482900541EB8 /* UrlBtnCollectionViewCell.swift */; };
		56C3CF2F2A8E482900541EB8 /* UrlBtnCollectionViewCell.xib in Resources */ = {isa = PBXBuildFile; fileRef = 56C3CF2D2A8E482900541EB8 /* UrlBtnCollectionViewCell.xib */; };
		56C3CF312A8E4A4200541EB8 /* BaseHeaderViewController.swift in Sources */ = {isa = PBXBuildFile; fileRef = 56C3CF302A8E4A4200541EB8 /* BaseHeaderViewController.swift */; };
		56C3CF332A8E4A5C00541EB8 /* Common.swift in Sources */ = {isa = PBXBuildFile; fileRef = 56C3CF322A8E4A5C00541EB8 /* Common.swift */; };
		56C3CF342A8E4AE600541EB8 /* InfoDetailViewController.xib in Resources */ = {isa = PBXBuildFile; fileRef = DF1059C92A8C749900F10DE1 /* InfoDetailViewController.xib */; };
		56C3CF382A8E765000541EB8 /* InfoModel.swift in Sources */ = {isa = PBXBuildFile; fileRef = 56C3CF372A8E765000541EB8 /* InfoModel.swift */; };
		56C3CF3A2A8E768D00541EB8 /* FirestoreService.swift in Sources */ = {isa = PBXBuildFile; fileRef = 56C3CF392A8E768D00541EB8 /* FirestoreService.swift */; };
		56C3CF572A8F348A00541EB8 /* DailyModel.swift in Sources */ = {isa = PBXBuildFile; fileRef = 56C3CF562A8F348A00541EB8 /* DailyModel.swift */; };
		56C3CF592A8F349A00541EB8 /* UserModel.swift in Sources */ = {isa = PBXBuildFile; fileRef = 56C3CF582A8F349A00541EB8 /* UserModel.swift */; };
		56CB42D92B0161940038B5F7 /* StroageManager.swift in Sources */ = {isa = PBXBuildFile; fileRef = 56CB42D82B0161940038B5F7 /* StroageManager.swift */; };
		56CB42DB2B02237A0038B5F7 /* CacheManager.swift in Sources */ = {isa = PBXBuildFile; fileRef = 56CB42DA2B02237A0038B5F7 /* CacheManager.swift */; };
		56DD2DB82A8E41B5008A9E12 /* ReelCollectionViewCell.swift in Sources */ = {isa = PBXBuildFile; fileRef = 56DD2DB72A8E41B5008A9E12 /* ReelCollectionViewCell.swift */; };
		6BBF70942AFE9FC900F58080 /* NewPostPage.swift in Sources */ = {isa = PBXBuildFile; fileRef = 6BBF70932AFE9FC900F58080 /* NewPostPage.swift */; };
		B3F405542A91F8420085F4A9 /* AdoptViewController.swift in Sources */ = {isa = PBXBuildFile; fileRef = B3F405522A91F8420085F4A9 /* AdoptViewController.swift */; };
		B3F405552A91F8420085F4A9 /* AdoptViewController.xib in Resources */ = {isa = PBXBuildFile; fileRef = B3F405532A91F8420085F4A9 /* AdoptViewController.xib */; };
		B3F405562A91F9190085F4A9 /* ContentsCollectionViewCell.xib in Resources */ = {isa = PBXBuildFile; fileRef = B3BF4D772A91EBFF00DFA28E /* ContentsCollectionViewCell.xib */; };
		B3F405582A91F9280085F4A9 /* ContentsCollectionViewCell.swift in Sources */ = {isa = PBXBuildFile; fileRef = B3BF4D762A91EBFC00DFA28E /* ContentsCollectionViewCell.swift */; };
		CB0540A4B7FEAD0DD9BFF0E4 /* Pods_Petmily_PetmilyUITests.framework in Frameworks */ = {isa = PBXBuildFile; fileRef = 4BCB8754505F6B2538B76706 /* Pods_Petmily_PetmilyUITests.framework */; };
		DF06F8462A8CBFC500B8A875 /* (null) in Sources */ = {isa = PBXBuildFile; };
		DF06F8472A8CBFC500B8A875 /* (null) in Resources */ = {isa = PBXBuildFile; };
		DF103ED12A921A17006BDF18 /* launch-screen.gif in Resources */ = {isa = PBXBuildFile; fileRef = DF103ED02A921A17006BDF18 /* launch-screen.gif */; };
		DF1059C42A8C563E00F10DE1 /* InfoTableViewCell.swift in Sources */ = {isa = PBXBuildFile; fileRef = DF1059C22A8C563E00F10DE1 /* InfoTableViewCell.swift */; };
		DF1059C52A8C563E00F10DE1 /* InfoTableViewCell.xib in Resources */ = {isa = PBXBuildFile; fileRef = DF1059C32A8C563E00F10DE1 /* InfoTableViewCell.xib */; };
		DF1059CA2A8C749900F10DE1 /* InfoDetailViewController.swift in Sources */ = {isa = PBXBuildFile; fileRef = DF1059C82A8C749900F10DE1 /* InfoDetailViewController.swift */; };
		DF3C50F22B0AE6AF008F00AF /* KakaoMapsSDK_SPM in Frameworks */ = {isa = PBXBuildFile; productRef = DF3C50F12B0AE6AF008F00AF /* KakaoMapsSDK_SPM */; };
		DF3C50F42B0B899A008F00AF /* KakaoMapViewController.swift in Sources */ = {isa = PBXBuildFile; fileRef = DF3C50F32B0B899A008F00AF /* KakaoMapViewController.swift */; };
		DF6EB5072AFE73A800EFC2FB /* LocationViewController.swift in Sources */ = {isa = PBXBuildFile; fileRef = DF6EB5062AFE73A800EFC2FB /* LocationViewController.swift */; };
		E437717E1DB888321482D570 /* Pods_PetmilyTests.framework in Frameworks */ = {isa = PBXBuildFile; fileRef = 6D084C4719F602F994F684C3 /* Pods_PetmilyTests.framework */; };
		FF2663292A8CB300000222B3 /* ProfileViewController.swift in Sources */ = {isa = PBXBuildFile; fileRef = FF2663282A8CB300000222B3 /* ProfileViewController.swift */; };
		FF26632D2A8CB9FE000222B3 /* CustomCollectionView.swift in Sources */ = {isa = PBXBuildFile; fileRef = FF26632C2A8CB9FE000222B3 /* CustomCollectionView.swift */; };
		FF6E7F3E2AB34E5A001A906B /* MyPageViewController.swift in Sources */ = {isa = PBXBuildFile; fileRef = FF6E7F3D2AB34E5A001A906B /* MyPageViewController.swift */; };
		FF6E7F412AB366F2001A906B /* SnapKit in Frameworks */ = {isa = PBXBuildFile; productRef = FF6E7F402AB366F2001A906B /* SnapKit */; };
		FF6E7F432AB3822C001A906B /* Const.swift in Sources */ = {isa = PBXBuildFile; fileRef = FF6E7F422AB3822C001A906B /* Const.swift */; };
		FF7D08222AC5C1460004CC4E /* UIImageView+Extension.swift in Sources */ = {isa = PBXBuildFile; fileRef = FF7D08212AC5C1460004CC4E /* UIImageView+Extension.swift */; };
		FF7D0D362A8D442900F96E02 /* MyPageCollectionViewCell.swift in Sources */ = {isa = PBXBuildFile; fileRef = FF26632A2A8CB77C000222B3 /* MyPageCollectionViewCell.swift */; };
		FFB32C1E81E1C61BA9C4F51A /* Pods_Petmily.framework in Frameworks */ = {isa = PBXBuildFile; fileRef = C2FE733832C32CE5B2A46AD0 /* Pods_Petmily.framework */; };
		FFEFD89E2A8E7016007D2F30 /* CommonHeaderView.xib in Resources */ = {isa = PBXBuildFile; fileRef = FFEFD89D2A8E7016007D2F30 /* CommonHeaderView.xib */; };
		FFFB1E7F2A91603D00263D6D /* FirebaseStorageManager.swift in Sources */ = {isa = PBXBuildFile; fileRef = FFFB1E7E2A91603D00263D6D /* FirebaseStorageManager.swift */; };
/* End PBXBuildFile section */

/* Begin PBXContainerItemProxy section */
		569A35212A89C98700FE098E /* PBXContainerItemProxy */ = {
			isa = PBXContainerItemProxy;
			containerPortal = 569A35022A89C98500FE098E /* Project object */;
			proxyType = 1;
			remoteGlobalIDString = 569A35092A89C98500FE098E;
			remoteInfo = Petmily;
		};
		569A352B2A89C98700FE098E /* PBXContainerItemProxy */ = {
			isa = PBXContainerItemProxy;
			containerPortal = 569A35022A89C98500FE098E /* Project object */;
			proxyType = 1;
			remoteGlobalIDString = 569A35092A89C98500FE098E;
			remoteInfo = Petmily;
		};
/* End PBXContainerItemProxy section */

/* Begin PBXFileReference section */
		230CD642811FD4A07031BA63 /* Pods-PetmilyTests.release.xcconfig */ = {isa = PBXFileReference; includeInIndex = 1; lastKnownFileType = text.xcconfig; name = "Pods-PetmilyTests.release.xcconfig"; path = "Target Support Files/Pods-PetmilyTests/Pods-PetmilyTests.release.xcconfig"; sourceTree = "<group>"; };
		2BE0D3DBC8AA9A473D93D7B5 /* Pods-PetmilyTests.debug.xcconfig */ = {isa = PBXFileReference; includeInIndex = 1; lastKnownFileType = text.xcconfig; name = "Pods-PetmilyTests.debug.xcconfig"; path = "Target Support Files/Pods-PetmilyTests/Pods-PetmilyTests.debug.xcconfig"; sourceTree = "<group>"; };
		330C5A792AFEFFCE00F15272 /* SectionHeaderView.swift */ = {isa = PBXFileReference; lastKnownFileType = sourcecode.swift; path = SectionHeaderView.swift; sourceTree = "<group>"; };
		330C5A7B2AFF06DB00F15272 /* InfoViewModel.swift */ = {isa = PBXFileReference; lastKnownFileType = sourcecode.swift; path = InfoViewModel.swift; sourceTree = "<group>"; };
		330FD53F2AFE83DD00EBA58C /* InfoView.swift */ = {isa = PBXFileReference; lastKnownFileType = sourcecode.swift; path = InfoView.swift; sourceTree = "<group>"; };
		330FD5412AFE83FE00EBA58C /* ShareInfoViewCell.swift */ = {isa = PBXFileReference; lastKnownFileType = sourcecode.swift; path = ShareInfoViewCell.swift; sourceTree = "<group>"; };
		330FD5432AFE841E00EBA58C /* InfoViewController.swift */ = {isa = PBXFileReference; lastKnownFileType = sourcecode.swift; path = InfoViewController.swift; sourceTree = "<group>"; };
		33387A092B030F10000E8148 /* PopularContentCell.swift */ = {isa = PBXFileReference; fileEncoding = 4; lastKnownFileType = sourcecode.swift; path = PopularContentCell.swift; sourceTree = "<group>"; };
		339C82092B00C7100065AAAD /* InfoContent.swift */ = {isa = PBXFileReference; lastKnownFileType = sourcecode.swift; path = InfoContent.swift; sourceTree = "<group>"; };
		339C820D2B0127FB0065AAAD /* NSAttributedString+.swift */ = {isa = PBXFileReference; lastKnownFileType = sourcecode.swift; path = "NSAttributedString+.swift"; sourceTree = "<group>"; };
		339C820F2B012BB00065AAAD /* AppConstraint.swift */ = {isa = PBXFileReference; lastKnownFileType = sourcecode.swift; path = AppConstraint.swift; sourceTree = "<group>"; };
		3C595EDD8E8E55BAEC433D26 /* Pods-Petmily-PetmilyUITests.debug.xcconfig */ = {isa = PBXFileReference; includeInIndex = 1; lastKnownFileType = text.xcconfig; name = "Pods-Petmily-PetmilyUITests.debug.xcconfig"; path = "Target Support Files/Pods-Petmily-PetmilyUITests/Pods-Petmily-PetmilyUITests.debug.xcconfig"; sourceTree = "<group>"; };
		4BCB8754505F6B2538B76706 /* Pods_Petmily_PetmilyUITests.framework */ = {isa = PBXFileReference; explicitFileType = wrapper.framework; includeInIndex = 0; path = Pods_Petmily_PetmilyUITests.framework; sourceTree = BUILT_PRODUCTS_DIR; };
		5632E6B22AA793B300728F87 /* CameraViewController.swift */ = {isa = PBXFileReference; lastKnownFileType = sourcecode.swift; path = CameraViewController.swift; sourceTree = "<group>"; wrapsLines = 1; };
		5632E6B32AA793B300728F87 /* CameraViewController.xib */ = {isa = PBXFileReference; lastKnownFileType = file.xib; path = CameraViewController.xib; sourceTree = "<group>"; };
		5632E6B62AA7998400728F87 /* EditVideoViewController.swift */ = {isa = PBXFileReference; lastKnownFileType = sourcecode.swift; path = EditVideoViewController.swift; sourceTree = "<group>"; };
		5632E6B72AA7998400728F87 /* EditVideoViewController.xib */ = {isa = PBXFileReference; lastKnownFileType = file.xib; path = EditVideoViewController.xib; sourceTree = "<group>"; };
		5655C0B32AFE1519002BC9C6 /* TabBarView.swift */ = {isa = PBXFileReference; lastKnownFileType = sourcecode.swift; path = TabBarView.swift; sourceTree = "<group>"; };
		5655C0B52AFE18D3002BC9C6 /* TabBarController.swift */ = {isa = PBXFileReference; lastKnownFileType = sourcecode.swift; path = TabBarController.swift; sourceTree = "<group>"; };
		565C8B0E2A9129C900167A92 /* GoogleService-Info.plist */ = {isa = PBXFileReference; fileEncoding = 4; lastKnownFileType = text.plist.xml; path = "GoogleService-Info.plist"; sourceTree = "<group>"; };
		565C8B102A912DD600167A92 /* ReplyViewController.swift */ = {isa = PBXFileReference; lastKnownFileType = sourcecode.swift; path = ReplyViewController.swift; sourceTree = "<group>"; };
		565C8B112A912DD600167A92 /* ReplyViewController.xib */ = {isa = PBXFileReference; lastKnownFileType = file.xib; path = ReplyViewController.xib; sourceTree = "<group>"; };
		565C8B142A912E8800167A92 /* ReplyTableViewCell.swift */ = {isa = PBXFileReference; lastKnownFileType = sourcecode.swift; path = ReplyTableViewCell.swift; sourceTree = "<group>"; };
		565C8B152A912E8800167A92 /* ReplyTableViewCell.xib */ = {isa = PBXFileReference; lastKnownFileType = file.xib; path = ReplyTableViewCell.xib; sourceTree = "<group>"; };
		569A350A2A89C98500FE098E /* Petmily.app */ = {isa = PBXFileReference; explicitFileType = wrapper.application; includeInIndex = 0; path = Petmily.app; sourceTree = BUILT_PRODUCTS_DIR; };
		569A350D2A89C98500FE098E /* AppDelegate.swift */ = {isa = PBXFileReference; lastKnownFileType = sourcecode.swift; path = AppDelegate.swift; sourceTree = "<group>"; };
		569A35112A89C98500FE098E /* ViewController.swift */ = {isa = PBXFileReference; lastKnownFileType = sourcecode.swift; path = ViewController.swift; sourceTree = "<group>"; };
		569A35162A89C98600FE098E /* Assets.xcassets */ = {isa = PBXFileReference; lastKnownFileType = folder.assetcatalog; path = Assets.xcassets; sourceTree = "<group>"; };
		569A35192A89C98600FE098E /* Base */ = {isa = PBXFileReference; lastKnownFileType = file.storyboard; name = Base; path = Base.lproj/LaunchScreen.storyboard; sourceTree = "<group>"; };
		569A351B2A89C98600FE098E /* Info.plist */ = {isa = PBXFileReference; lastKnownFileType = text.plist.xml; path = Info.plist; sourceTree = "<group>"; };
		569A35202A89C98700FE098E /* PetmilyTests.xctest */ = {isa = PBXFileReference; explicitFileType = wrapper.cfbundle; includeInIndex = 0; path = PetmilyTests.xctest; sourceTree = BUILT_PRODUCTS_DIR; };
		569A35242A89C98700FE098E /* PetmilyTests.swift */ = {isa = PBXFileReference; lastKnownFileType = sourcecode.swift; path = PetmilyTests.swift; sourceTree = "<group>"; };
		569A352A2A89C98700FE098E /* PetmilyUITests.xctest */ = {isa = PBXFileReference; explicitFileType = wrapper.cfbundle; includeInIndex = 0; path = PetmilyUITests.xctest; sourceTree = BUILT_PRODUCTS_DIR; };
		569A352E2A89C98700FE098E /* PetmilyUITests.swift */ = {isa = PBXFileReference; lastKnownFileType = sourcecode.swift; path = PetmilyUITests.swift; sourceTree = "<group>"; };
		569A35302A89C98700FE098E /* PetmilyUITestsLaunchTests.swift */ = {isa = PBXFileReference; lastKnownFileType = sourcecode.swift; path = PetmilyUITestsLaunchTests.swift; sourceTree = "<group>"; };
		569A353D2A89CB3B00FE098E /* IntroViewController.swift */ = {isa = PBXFileReference; lastKnownFileType = sourcecode.swift; path = IntroViewController.swift; sourceTree = "<group>"; };
		569A35412A89CB6E00FE098E /* BaseViewController.swift */ = {isa = PBXFileReference; lastKnownFileType = sourcecode.swift; path = BaseViewController.swift; sourceTree = "<group>"; };
		569A35452A89CE0C00FE098E /* DailyViewController.swift */ = {isa = PBXFileReference; lastKnownFileType = sourcecode.swift; path = DailyViewController.swift; sourceTree = "<group>"; };
		569A354D2A89CE2F00FE098E /* AddViewController.swift */ = {isa = PBXFileReference; lastKnownFileType = sourcecode.swift; path = AddViewController.swift; sourceTree = "<group>"; };
		569A35592A89CF1B00FE098E /* UIView+Extension.swift */ = {isa = PBXFileReference; lastKnownFileType = sourcecode.swift; path = "UIView+Extension.swift"; sourceTree = "<group>"; };
		569A355B2A89D10A00FE098E /* CommonUtil.swift */ = {isa = PBXFileReference; lastKnownFileType = sourcecode.swift; path = CommonUtil.swift; sourceTree = "<group>"; };
		569A355D2A89D13400FE098E /* DataManager.swift */ = {isa = PBXFileReference; lastKnownFileType = sourcecode.swift; path = DataManager.swift; sourceTree = "<group>"; };
		569A35692A89DB6C00FE098E /* DailyViewController.xib */ = {isa = PBXFileReference; fileEncoding = 4; lastKnownFileType = file.xib; path = DailyViewController.xib; sourceTree = "<group>"; };
		569A356A2A89DB6D00FE098E /* MyPageViewController.xib */ = {isa = PBXFileReference; fileEncoding = 4; lastKnownFileType = file.xib; path = MyPageViewController.xib; sourceTree = "<group>"; };
		569A356B2A89DB6D00FE098E /* AddViewController.xib */ = {isa = PBXFileReference; fileEncoding = 4; lastKnownFileType = file.xib; path = AddViewController.xib; sourceTree = "<group>"; };
		569A356C2A89DB6D00FE098E /* InfoViewController.xib */ = {isa = PBXFileReference; fileEncoding = 4; lastKnownFileType = file.xib; path = InfoViewController.xib; sourceTree = "<group>"; };
		569A35752A89DBBD00FE098E /* IntroViewController.xib */ = {isa = PBXFileReference; fileEncoding = 4; lastKnownFileType = file.xib; path = IntroViewController.xib; sourceTree = "<group>"; };
		569A35772A89FB8600FE098E /* Main.storyboard */ = {isa = PBXFileReference; lastKnownFileType = file.storyboard; path = Main.storyboard; sourceTree = "<group>"; };
		56C3CF262A8E475E00541EB8 /* CommonHeaderView.swift */ = {isa = PBXFileReference; fileEncoding = 4; lastKnownFileType = sourcecode.swift; path = CommonHeaderView.swift; sourceTree = "<group>"; };
		56C3CF2C2A8E482900541EB8 /* UrlBtnCollectionViewCell.swift */ = {isa = PBXFileReference; fileEncoding = 4; lastKnownFileType = sourcecode.swift; path = UrlBtnCollectionViewCell.swift; sourceTree = "<group>"; };
		56C3CF2D2A8E482900541EB8 /* UrlBtnCollectionViewCell.xib */ = {isa = PBXFileReference; fileEncoding = 4; lastKnownFileType = file.xib; path = UrlBtnCollectionViewCell.xib; sourceTree = "<group>"; };
		56C3CF302A8E4A4200541EB8 /* BaseHeaderViewController.swift */ = {isa = PBXFileReference; fileEncoding = 4; lastKnownFileType = sourcecode.swift; path = BaseHeaderViewController.swift; sourceTree = "<group>"; };
		56C3CF322A8E4A5C00541EB8 /* Common.swift */ = {isa = PBXFileReference; fileEncoding = 4; lastKnownFileType = sourcecode.swift; path = Common.swift; sourceTree = "<group>"; };
		56C3CF372A8E765000541EB8 /* InfoModel.swift */ = {isa = PBXFileReference; lastKnownFileType = sourcecode.swift; path = InfoModel.swift; sourceTree = "<group>"; };
		56C3CF392A8E768D00541EB8 /* FirestoreService.swift */ = {isa = PBXFileReference; lastKnownFileType = sourcecode.swift; path = FirestoreService.swift; sourceTree = "<group>"; };
		56C3CF562A8F348A00541EB8 /* DailyModel.swift */ = {isa = PBXFileReference; lastKnownFileType = sourcecode.swift; path = DailyModel.swift; sourceTree = "<group>"; };
		56C3CF582A8F349A00541EB8 /* UserModel.swift */ = {isa = PBXFileReference; lastKnownFileType = sourcecode.swift; path = UserModel.swift; sourceTree = "<group>"; };
		56CB42D82B0161940038B5F7 /* StroageManager.swift */ = {isa = PBXFileReference; lastKnownFileType = sourcecode.swift; path = StroageManager.swift; sourceTree = "<group>"; };
		56CB42DA2B02237A0038B5F7 /* CacheManager.swift */ = {isa = PBXFileReference; lastKnownFileType = sourcecode.swift; path = CacheManager.swift; sourceTree = "<group>"; };
		56DD2DB72A8E41B5008A9E12 /* ReelCollectionViewCell.swift */ = {isa = PBXFileReference; lastKnownFileType = sourcecode.swift; path = ReelCollectionViewCell.swift; sourceTree = "<group>"; };
		633E801253E9A9E9DD6A8217 /* Pods-Petmily.release.xcconfig */ = {isa = PBXFileReference; includeInIndex = 1; lastKnownFileType = text.xcconfig; name = "Pods-Petmily.release.xcconfig"; path = "Target Support Files/Pods-Petmily/Pods-Petmily.release.xcconfig"; sourceTree = "<group>"; };
		6BBF70932AFE9FC900F58080 /* NewPostPage.swift */ = {isa = PBXFileReference; lastKnownFileType = sourcecode.swift; path = NewPostPage.swift; sourceTree = "<group>"; };
		6D084C4719F602F994F684C3 /* Pods_PetmilyTests.framework */ = {isa = PBXFileReference; explicitFileType = wrapper.framework; includeInIndex = 0; path = Pods_PetmilyTests.framework; sourceTree = BUILT_PRODUCTS_DIR; };
		A9ADE19EC564B42522E24C87 /* Pods-Petmily-PetmilyUITests.release.xcconfig */ = {isa = PBXFileReference; includeInIndex = 1; lastKnownFileType = text.xcconfig; name = "Pods-Petmily-PetmilyUITests.release.xcconfig"; path = "Target Support Files/Pods-Petmily-PetmilyUITests/Pods-Petmily-PetmilyUITests.release.xcconfig"; sourceTree = "<group>"; };
		B3BF4D762A91EBFC00DFA28E /* ContentsCollectionViewCell.swift */ = {isa = PBXFileReference; lastKnownFileType = sourcecode.swift; path = ContentsCollectionViewCell.swift; sourceTree = "<group>"; };
		B3BF4D772A91EBFF00DFA28E /* ContentsCollectionViewCell.xib */ = {isa = PBXFileReference; lastKnownFileType = file.xib; path = ContentsCollectionViewCell.xib; sourceTree = "<group>"; };
		B3F405522A91F8420085F4A9 /* AdoptViewController.swift */ = {isa = PBXFileReference; fileEncoding = 4; lastKnownFileType = sourcecode.swift; path = AdoptViewController.swift; sourceTree = "<group>"; };
		B3F405532A91F8420085F4A9 /* AdoptViewController.xib */ = {isa = PBXFileReference; fileEncoding = 4; lastKnownFileType = file.xib; path = AdoptViewController.xib; sourceTree = "<group>"; };
		C29B249BDBFA1CA5A80548A3 /* Pods-Petmily.debug.xcconfig */ = {isa = PBXFileReference; includeInIndex = 1; lastKnownFileType = text.xcconfig; name = "Pods-Petmily.debug.xcconfig"; path = "Target Support Files/Pods-Petmily/Pods-Petmily.debug.xcconfig"; sourceTree = "<group>"; };
		C2FE733832C32CE5B2A46AD0 /* Pods_Petmily.framework */ = {isa = PBXFileReference; explicitFileType = wrapper.framework; includeInIndex = 0; path = Pods_Petmily.framework; sourceTree = BUILT_PRODUCTS_DIR; };
		DF103ED02A921A17006BDF18 /* launch-screen.gif */ = {isa = PBXFileReference; lastKnownFileType = image.gif; path = "launch-screen.gif"; sourceTree = "<group>"; };
		DF1059C22A8C563E00F10DE1 /* InfoTableViewCell.swift */ = {isa = PBXFileReference; lastKnownFileType = sourcecode.swift; path = InfoTableViewCell.swift; sourceTree = "<group>"; };
		DF1059C32A8C563E00F10DE1 /* InfoTableViewCell.xib */ = {isa = PBXFileReference; lastKnownFileType = file.xib; path = InfoTableViewCell.xib; sourceTree = "<group>"; };
		DF1059C82A8C749900F10DE1 /* InfoDetailViewController.swift */ = {isa = PBXFileReference; lastKnownFileType = sourcecode.swift; path = InfoDetailViewController.swift; sourceTree = "<group>"; };
		DF1059C92A8C749900F10DE1 /* InfoDetailViewController.xib */ = {isa = PBXFileReference; lastKnownFileType = file.xib; path = InfoDetailViewController.xib; sourceTree = "<group>"; };
		DF3C50F32B0B899A008F00AF /* KakaoMapViewController.swift */ = {isa = PBXFileReference; lastKnownFileType = sourcecode.swift; path = KakaoMapViewController.swift; sourceTree = "<group>"; };
		DF6EB5062AFE73A800EFC2FB /* LocationViewController.swift */ = {isa = PBXFileReference; lastKnownFileType = sourcecode.swift; path = LocationViewController.swift; sourceTree = "<group>"; };
		FF2663282A8CB300000222B3 /* ProfileViewController.swift */ = {isa = PBXFileReference; lastKnownFileType = sourcecode.swift; path = ProfileViewController.swift; sourceTree = "<group>"; };
		FF26632A2A8CB77C000222B3 /* MyPageCollectionViewCell.swift */ = {isa = PBXFileReference; lastKnownFileType = sourcecode.swift; path = MyPageCollectionViewCell.swift; sourceTree = "<group>"; };
		FF26632C2A8CB9FE000222B3 /* CustomCollectionView.swift */ = {isa = PBXFileReference; lastKnownFileType = sourcecode.swift; path = CustomCollectionView.swift; sourceTree = "<group>"; };
		FF6E7F3D2AB34E5A001A906B /* MyPageViewController.swift */ = {isa = PBXFileReference; lastKnownFileType = sourcecode.swift; path = MyPageViewController.swift; sourceTree = "<group>"; };
		FF6E7F422AB3822C001A906B /* Const.swift */ = {isa = PBXFileReference; fileEncoding = 4; lastKnownFileType = sourcecode.swift; name = Const.swift; path = Petmily/Util/Const.swift; sourceTree = SOURCE_ROOT; };
		FF7D08212AC5C1460004CC4E /* UIImageView+Extension.swift */ = {isa = PBXFileReference; lastKnownFileType = sourcecode.swift; path = "UIImageView+Extension.swift"; sourceTree = "<group>"; };
		FFEFD89D2A8E7016007D2F30 /* CommonHeaderView.xib */ = {isa = PBXFileReference; fileEncoding = 4; lastKnownFileType = file.xib; path = CommonHeaderView.xib; sourceTree = "<group>"; };
		FFFB1E7E2A91603D00263D6D /* FirebaseStorageManager.swift */ = {isa = PBXFileReference; lastKnownFileType = sourcecode.swift; path = FirebaseStorageManager.swift; sourceTree = "<group>"; };
/* End PBXFileReference section */

/* Begin PBXFrameworksBuildPhase section */
		569A35072A89C98500FE098E /* Frameworks */ = {
			isa = PBXFrameworksBuildPhase;
			buildActionMask = 2147483647;
			files = (
				5655C0C32B00BF19002BC9C6 /* FirebaseDatabaseSwift in Frameworks */,
				DF3C50F22B0AE6AF008F00AF /* KakaoMapsSDK_SPM in Frameworks */,
				5655C0BB2B00BF19002BC9C6 /* FirebaseAnalyticsSwift in Frameworks */,
				5655C0BD2B00BF19002BC9C6 /* FirebaseAuth in Frameworks */,
				FF6E7F412AB366F2001A906B /* SnapKit in Frameworks */,
				5655C0BF2B00BF19002BC9C6 /* FirebaseCrashlytics in Frameworks */,
				5655C0CB2B00BF19002BC9C6 /* FirebaseStorage in Frameworks */,
				5655C0C72B00BF19002BC9C6 /* FirebaseFirestoreSwift in Frameworks */,
				5655C0C52B00BF19002BC9C6 /* FirebaseFirestore in Frameworks */,
				FFB32C1E81E1C61BA9C4F51A /* Pods_Petmily.framework in Frameworks */,
				5655C0C12B00BF19002BC9C6 /* FirebaseDatabase in Frameworks */,
				5655C0C92B00BF19002BC9C6 /* FirebaseMessaging in Frameworks */,
				5655C0B92B00BF19002BC9C6 /* FirebaseAnalytics in Frameworks */,
			);
			runOnlyForDeploymentPostprocessing = 0;
		};
		569A351D2A89C98700FE098E /* Frameworks */ = {
			isa = PBXFrameworksBuildPhase;
			buildActionMask = 2147483647;
			files = (
				E437717E1DB888321482D570 /* Pods_PetmilyTests.framework in Frameworks */,
			);
			runOnlyForDeploymentPostprocessing = 0;
		};
		569A35272A89C98700FE098E /* Frameworks */ = {
			isa = PBXFrameworksBuildPhase;
			buildActionMask = 2147483647;
			files = (
				CB0540A4B7FEAD0DD9BFF0E4 /* Pods_Petmily_PetmilyUITests.framework in Frameworks */,
			);
			runOnlyForDeploymentPostprocessing = 0;
		};
/* End PBXFrameworksBuildPhase section */

/* Begin PBXGroup section */
		565C8B032A90C69500167A92 /* Network */ = {
			isa = PBXGroup;
			children = (
				FFFB1E7E2A91603D00263D6D /* FirebaseStorageManager.swift */,
				56C3CF392A8E768D00541EB8 /* FirestoreService.swift */,
				56CB42D82B0161940038B5F7 /* StroageManager.swift */,
				56CB42DA2B02237A0038B5F7 /* CacheManager.swift */,
			);
			path = Network;
			sourceTree = "<group>";
		};
		565C8B042A90C6AC00167A92 /* Model */ = {
			isa = PBXGroup;
			children = (
				FF6E7F422AB3822C001A906B /* Const.swift */,
				56C3CF562A8F348A00541EB8 /* DailyModel.swift */,
				56C3CF372A8E765000541EB8 /* InfoModel.swift */,
				56C3CF582A8F349A00541EB8 /* UserModel.swift */,
			);
			name = Model;
			path = Video/Model;
			sourceTree = "<group>";
		};
		565C8B1B2A914E3C00167A92 /* Reply */ = {
			isa = PBXGroup;
			children = (
				565C8B102A912DD600167A92 /* ReplyViewController.swift */,
				565C8B112A912DD600167A92 /* ReplyViewController.xib */,
				565C8B142A912E8800167A92 /* ReplyTableViewCell.swift */,
				565C8B152A912E8800167A92 /* ReplyTableViewCell.xib */,
			);
			path = Reply;
			sourceTree = "<group>";
		};
		565C8B1C2A91815F00167A92 /* InfoDetail */ = {
			isa = PBXGroup;
			children = (
				DF1059C82A8C749900F10DE1 /* InfoDetailViewController.swift */,
				DF1059C92A8C749900F10DE1 /* InfoDetailViewController.xib */,
			);
			path = InfoDetail;
			sourceTree = "<group>";
		};
		565C8B1D2A91816A00167A92 /* InfoTableViewCell */ = {
			isa = PBXGroup;
			children = (
				DF1059C22A8C563E00F10DE1 /* InfoTableViewCell.swift */,
				DF1059C32A8C563E00F10DE1 /* InfoTableViewCell.xib */,
			);
			path = InfoTableViewCell;
			sourceTree = "<group>";
		};
		565C8B1E2A91817D00167A92 /* URLBtnCollectionViewCell */ = {
			isa = PBXGroup;
			children = (
				56C3CF2C2A8E482900541EB8 /* UrlBtnCollectionViewCell.swift */,
				56C3CF2D2A8E482900541EB8 /* UrlBtnCollectionViewCell.xib */,
			);
			path = URLBtnCollectionViewCell;
			sourceTree = "<group>";
		};
		565C8B1F2A9181F100167A92 /* Profile */ = {
			isa = PBXGroup;
			children = (
				FF2663282A8CB300000222B3 /* ProfileViewController.swift */,
			);
			path = Profile;
			sourceTree = "<group>";
		};
		565C8B202A9181F700167A92 /* MyPageCollection */ = {
			isa = PBXGroup;
			children = (
				FF26632A2A8CB77C000222B3 /* MyPageCollectionViewCell.swift */,
				FF26632C2A8CB9FE000222B3 /* CustomCollectionView.swift */,
			);
			path = MyPageCollection;
			sourceTree = "<group>";
		};
		569A35012A89C98500FE098E = {
			isa = PBXGroup;
			children = (
				569A350C2A89C98500FE098E /* Petmily */,
				569A35232A89C98700FE098E /* PetmilyTests */,
				569A352D2A89C98700FE098E /* PetmilyUITests */,
				569A350B2A89C98500FE098E /* Products */,
				56C3CF242A8E457000541EB8 /* Recovered References */,
				C0CF94A51A635334C7528B8D /* Pods */,
				C4AEF5EA3D050982F08F0E53 /* Frameworks */,
			);
			sourceTree = "<group>";
		};
		569A350B2A89C98500FE098E /* Products */ = {
			isa = PBXGroup;
			children = (
				569A350A2A89C98500FE098E /* Petmily.app */,
				569A35202A89C98700FE098E /* PetmilyTests.xctest */,
				569A352A2A89C98700FE098E /* PetmilyUITests.xctest */,
			);
			name = Products;
			sourceTree = "<group>";
		};
		569A350C2A89C98500FE098E /* Petmily */ = {
			isa = PBXGroup;
			children = (
				6BBF70922AFE9FA400F58080 /* New Group */,
				569A350D2A89C98500FE098E /* AppDelegate.swift */,
				569A35112A89C98500FE098E /* ViewController.swift */,
				565C8B042A90C6AC00167A92 /* Model */,
				565C8B032A90C69500167A92 /* Network */,
				569A357D2A89FCA900FE098E /* Util */,
				569A357A2A89FC6300FE098E /* ViewControllers */,
				569A35772A89FB8600FE098E /* Main.storyboard */,
				569A35162A89C98600FE098E /* Assets.xcassets */,
				569A35182A89C98600FE098E /* LaunchScreen.storyboard */,
				565C8B0E2A9129C900167A92 /* GoogleService-Info.plist */,
				569A351B2A89C98600FE098E /* Info.plist */,
				DF103ED02A921A17006BDF18 /* launch-screen.gif */,
			);
			path = Petmily;
			sourceTree = "<group>";
		};
		569A35232A89C98700FE098E /* PetmilyTests */ = {
			isa = PBXGroup;
			children = (
				569A35242A89C98700FE098E /* PetmilyTests.swift */,
			);
			path = PetmilyTests;
			sourceTree = "<group>";
		};
		569A352D2A89C98700FE098E /* PetmilyUITests */ = {
			isa = PBXGroup;
			children = (
				569A352E2A89C98700FE098E /* PetmilyUITests.swift */,
				569A35302A89C98700FE098E /* PetmilyUITestsLaunchTests.swift */,
			);
			path = PetmilyUITests;
			sourceTree = "<group>";
		};
		569A35792A89FC5900FE098E /* Extension */ = {
			isa = PBXGroup;
			children = (
				569A35592A89CF1B00FE098E /* UIView+Extension.swift */,
				FF7D08212AC5C1460004CC4E /* UIImageView+Extension.swift */,
				339C820D2B0127FB0065AAAD /* NSAttributedString+.swift */,
			);
			path = Extension;
			sourceTree = "<group>";
		};
		569A357A2A89FC6300FE098E /* ViewControllers */ = {
			isa = PBXGroup;
			children = (
				569A357B2A89FC7500FE098E /* Base */,
				569A353D2A89CB3B00FE098E /* IntroViewController.swift */,
				569A35752A89DBBD00FE098E /* IntroViewController.xib */,
				569A357C2A89FC9700FE098E /* Tabbar */,
			);
			path = ViewControllers;
			sourceTree = "<group>";
		};
		569A357B2A89FC7500FE098E /* Base */ = {
			isa = PBXGroup;
			children = (
				56C3CF302A8E4A4200541EB8 /* BaseHeaderViewController.swift */,
				569A35412A89CB6E00FE098E /* BaseViewController.swift */,
				5655C0B32AFE1519002BC9C6 /* TabBarView.swift */,
				5655C0B52AFE18D3002BC9C6 /* TabBarController.swift */,
				569A35AB2A8C7B6500FE098E /* CommonHeaderView */,
			);
			path = Base;
			sourceTree = "<group>";
		};
		569A357C2A89FC9700FE098E /* Tabbar */ = {
			isa = PBXGroup;
			children = (
				569A35452A89CE0C00FE098E /* DailyViewController.swift */,
				569A35692A89DB6C00FE098E /* DailyViewController.xib */,
				5632E6B22AA793B300728F87 /* CameraViewController.swift */,
				5632E6B32AA793B300728F87 /* CameraViewController.xib */,
				5632E6B62AA7998400728F87 /* EditVideoViewController.swift */,
				5632E6B72AA7998400728F87 /* EditVideoViewController.xib */,
				565C8B1B2A914E3C00167A92 /* Reply */,
				56DD2DB92A8E41EB008A9E12 /* ReelCollectionViewCell */,
				330FD53F2AFE83DD00EBA58C /* InfoView.swift */,
				33387A092B030F10000E8148 /* PopularContentCell.swift */,
				330FD5412AFE83FE00EBA58C /* ShareInfoViewCell.swift */,
				330C5A7B2AFF06DB00F15272 /* InfoViewModel.swift */,
				330FD5432AFE841E00EBA58C /* InfoViewController.swift */,
				339C82092B00C7100065AAAD /* InfoContent.swift */,
				330C5A792AFEFFCE00F15272 /* SectionHeaderView.swift */,
				569A356C2A89DB6D00FE098E /* InfoViewController.xib */,
				565C8B1C2A91815F00167A92 /* InfoDetail */,
				565C8B1D2A91816A00167A92 /* InfoTableViewCell */,
				569A354D2A89CE2F00FE098E /* AddViewController.swift */,
				569A356B2A89DB6D00FE098E /* AddViewController.xib */,
				B3F405522A91F8420085F4A9 /* AdoptViewController.swift */,
				B3F405532A91F8420085F4A9 /* AdoptViewController.xib */,
				B3BF4D752A91EBD200DFA28E /* AdoptCollectionViewCell */,
				565C8B1E2A91817D00167A92 /* URLBtnCollectionViewCell */,
				569A356A2A89DB6D00FE098E /* MyPageViewController.xib */,
				FF6E7F3D2AB34E5A001A906B /* MyPageViewController.swift */,
				565C8B202A9181F700167A92 /* MyPageCollection */,
				565C8B1F2A9181F100167A92 /* Profile */,
				DF6EB5062AFE73A800EFC2FB /* LocationViewController.swift */,
				DF3C50F32B0B899A008F00AF /* KakaoMapViewController.swift */,
			);
			path = Tabbar;
			sourceTree = "<group>";
		};
		569A357D2A89FCA900FE098E /* Util */ = {
			isa = PBXGroup;
			children = (
				339C820F2B012BB00065AAAD /* AppConstraint.swift */,
				569A355D2A89D13400FE098E /* DataManager.swift */,
				569A355B2A89D10A00FE098E /* CommonUtil.swift */,
				56C3CF322A8E4A5C00541EB8 /* Common.swift */,
				569A35792A89FC5900FE098E /* Extension */,
			);
			path = Util;
			sourceTree = "<group>";
		};
		569A35AB2A8C7B6500FE098E /* CommonHeaderView */ = {
			isa = PBXGroup;
			children = (
				FFEFD89D2A8E7016007D2F30 /* CommonHeaderView.xib */,
				56C3CF262A8E475E00541EB8 /* CommonHeaderView.swift */,
			);
			path = CommonHeaderView;
			sourceTree = "<group>";
		};
		56C3CF242A8E457000541EB8 /* Recovered References */ = {
			isa = PBXGroup;
			children = (
			);
			name = "Recovered References";
			sourceTree = "<group>";
		};
		56DD2DB92A8E41EB008A9E12 /* ReelCollectionViewCell */ = {
			isa = PBXGroup;
			children = (
				56DD2DB72A8E41B5008A9E12 /* ReelCollectionViewCell.swift */,
			);
			path = ReelCollectionViewCell;
			sourceTree = "<group>";
		};
		6BBF70922AFE9FA400F58080 /* New Group */ = {
			isa = PBXGroup;
			children = (
				6BBF70932AFE9FC900F58080 /* NewPostPage.swift */,
			);
			path = "New Group";
			sourceTree = "<group>";
		};
		B3BF4D752A91EBD200DFA28E /* AdoptCollectionViewCell */ = {
			isa = PBXGroup;
			children = (
				B3BF4D772A91EBFF00DFA28E /* ContentsCollectionViewCell.xib */,
				B3BF4D762A91EBFC00DFA28E /* ContentsCollectionViewCell.swift */,
			);
			path = AdoptCollectionViewCell;
			sourceTree = "<group>";
		};
		C0CF94A51A635334C7528B8D /* Pods */ = {
			isa = PBXGroup;
			children = (
				C29B249BDBFA1CA5A80548A3 /* Pods-Petmily.debug.xcconfig */,
				633E801253E9A9E9DD6A8217 /* Pods-Petmily.release.xcconfig */,
				3C595EDD8E8E55BAEC433D26 /* Pods-Petmily-PetmilyUITests.debug.xcconfig */,
				A9ADE19EC564B42522E24C87 /* Pods-Petmily-PetmilyUITests.release.xcconfig */,
				2BE0D3DBC8AA9A473D93D7B5 /* Pods-PetmilyTests.debug.xcconfig */,
				230CD642811FD4A07031BA63 /* Pods-PetmilyTests.release.xcconfig */,
			);
			path = Pods;
			sourceTree = "<group>";
		};
		C4AEF5EA3D050982F08F0E53 /* Frameworks */ = {
			isa = PBXGroup;
			children = (
				C2FE733832C32CE5B2A46AD0 /* Pods_Petmily.framework */,
				4BCB8754505F6B2538B76706 /* Pods_Petmily_PetmilyUITests.framework */,
				6D084C4719F602F994F684C3 /* Pods_PetmilyTests.framework */,
			);
			name = Frameworks;
			sourceTree = "<group>";
		};
/* End PBXGroup section */

/* Begin PBXNativeTarget section */
		569A35092A89C98500FE098E /* Petmily */ = {
			isa = PBXNativeTarget;
			buildConfigurationList = 569A35342A89C98700FE098E /* Build configuration list for PBXNativeTarget "Petmily" */;
			buildPhases = (
				2FB429B78EFCBA94D44B9AA3 /* [CP] Check Pods Manifest.lock */,
				569A35062A89C98500FE098E /* Sources */,
				569A35072A89C98500FE098E /* Frameworks */,
				569A35082A89C98500FE098E /* Resources */,
				556C3BC84E9BCE6D1D327F6F /* [CP] Embed Pods Frameworks */,
			);
			buildRules = (
			);
			dependencies = (
			);
			name = Petmily;
			packageProductDependencies = (
				FF6E7F402AB366F2001A906B /* SnapKit */,
				5655C0B82B00BF19002BC9C6 /* FirebaseAnalytics */,
				5655C0BA2B00BF19002BC9C6 /* FirebaseAnalyticsSwift */,
				5655C0BC2B00BF19002BC9C6 /* FirebaseAuth */,
				5655C0BE2B00BF19002BC9C6 /* FirebaseCrashlytics */,
				5655C0C02B00BF19002BC9C6 /* FirebaseDatabase */,
				5655C0C22B00BF19002BC9C6 /* FirebaseDatabaseSwift */,
				5655C0C42B00BF19002BC9C6 /* FirebaseFirestore */,
				5655C0C62B00BF19002BC9C6 /* FirebaseFirestoreSwift */,
				5655C0C82B00BF19002BC9C6 /* FirebaseMessaging */,
				5655C0CA2B00BF19002BC9C6 /* FirebaseStorage */,
				DF3C50F12B0AE6AF008F00AF /* KakaoMapsSDK_SPM */,
			);
			productName = Petmily;
			productReference = 569A350A2A89C98500FE098E /* Petmily.app */;
			productType = "com.apple.product-type.application";
		};
		569A351F2A89C98700FE098E /* PetmilyTests */ = {
			isa = PBXNativeTarget;
			buildConfigurationList = 569A35372A89C98700FE098E /* Build configuration list for PBXNativeTarget "PetmilyTests" */;
			buildPhases = (
				870CF25DED99953EAECEF55F /* [CP] Check Pods Manifest.lock */,
				569A351C2A89C98700FE098E /* Sources */,
				569A351D2A89C98700FE098E /* Frameworks */,
				569A351E2A89C98700FE098E /* Resources */,
			);
			buildRules = (
			);
			dependencies = (
				569A35222A89C98700FE098E /* PBXTargetDependency */,
			);
			name = PetmilyTests;
			productName = PetmilyTests;
			productReference = 569A35202A89C98700FE098E /* PetmilyTests.xctest */;
			productType = "com.apple.product-type.bundle.unit-test";
		};
		569A35292A89C98700FE098E /* PetmilyUITests */ = {
			isa = PBXNativeTarget;
			buildConfigurationList = 569A353A2A89C98700FE098E /* Build configuration list for PBXNativeTarget "PetmilyUITests" */;
			buildPhases = (
				F5A687A5A586232CAE8BBD1E /* [CP] Check Pods Manifest.lock */,
				569A35262A89C98700FE098E /* Sources */,
				569A35272A89C98700FE098E /* Frameworks */,
				569A35282A89C98700FE098E /* Resources */,
				CC84662994DD9DA684C7D2B1 /* [CP] Embed Pods Frameworks */,
			);
			buildRules = (
			);
			dependencies = (
				569A352C2A89C98700FE098E /* PBXTargetDependency */,
			);
			name = PetmilyUITests;
			productName = PetmilyUITests;
			productReference = 569A352A2A89C98700FE098E /* PetmilyUITests.xctest */;
			productType = "com.apple.product-type.bundle.ui-testing";
		};
/* End PBXNativeTarget section */

/* Begin PBXProject section */
		569A35022A89C98500FE098E /* Project object */ = {
			isa = PBXProject;
			attributes = {
				BuildIndependentTargetsInParallel = 1;
				LastSwiftUpdateCheck = 1430;
				LastUpgradeCheck = 1430;
				TargetAttributes = {
					569A35092A89C98500FE098E = {
						CreatedOnToolsVersion = 14.3;
					};
					569A351F2A89C98700FE098E = {
						CreatedOnToolsVersion = 14.3;
						TestTargetID = 569A35092A89C98500FE098E;
					};
					569A35292A89C98700FE098E = {
						CreatedOnToolsVersion = 14.3;
						TestTargetID = 569A35092A89C98500FE098E;
					};
				};
			};
			buildConfigurationList = 569A35052A89C98500FE098E /* Build configuration list for PBXProject "Petmily" */;
			compatibilityVersion = "Xcode 14.0";
			developmentRegion = en;
			hasScannedForEncodings = 0;
			knownRegions = (
				en,
				Base,
			);
			mainGroup = 569A35012A89C98500FE098E;
			packageReferences = (
				FF6E7F3F2AB366F2001A906B /* XCRemoteSwiftPackageReference "SnapKit" */,
				5655C0B72B00BF19002BC9C6 /* XCRemoteSwiftPackageReference "firebase-ios-sdk" */,
				DF3C50F02B0AE6AF008F00AF /* XCRemoteSwiftPackageReference "KakaoMapsSDK-SPM" */,
			);
			productRefGroup = 569A350B2A89C98500FE098E /* Products */;
			projectDirPath = "";
			projectRoot = "";
			targets = (
				569A35092A89C98500FE098E /* Petmily */,
				569A351F2A89C98700FE098E /* PetmilyTests */,
				569A35292A89C98700FE098E /* PetmilyUITests */,
			);
		};
/* End PBXProject section */

/* Begin PBXResourcesBuildPhase section */
		569A35082A89C98500FE098E /* Resources */ = {
			isa = PBXResourcesBuildPhase;
			buildActionMask = 2147483647;
			files = (
				569A351A2A89C98600FE098E /* LaunchScreen.storyboard in Resources */,
				569A35712A89DB6D00FE098E /* AddViewController.xib in Resources */,
				565C8B172A912E8800167A92 /* ReplyTableViewCell.xib in Resources */,
				565C8B132A912DD600167A92 /* ReplyViewController.xib in Resources */,
				B3F405562A91F9190085F4A9 /* ContentsCollectionViewCell.xib in Resources */,
				56C3CF2F2A8E482900541EB8 /* UrlBtnCollectionViewCell.xib in Resources */,
				DF06F8472A8CBFC500B8A875 /* (null) in Resources */,
				569A35762A89DBBD00FE098E /* IntroViewController.xib in Resources */,
				DF103ED12A921A17006BDF18 /* launch-screen.gif in Resources */,
				5632E6B52AA793B300728F87 /* CameraViewController.xib in Resources */,
				569A356F2A89DB6D00FE098E /* DailyViewController.xib in Resources */,
				FFEFD89E2A8E7016007D2F30 /* CommonHeaderView.xib in Resources */,
				B3F405552A91F8420085F4A9 /* AdoptViewController.xib in Resources */,
				DF1059C52A8C563E00F10DE1 /* InfoTableViewCell.xib in Resources */,
				56C3CF342A8E4AE600541EB8 /* InfoDetailViewController.xib in Resources */,
				569A35172A89C98600FE098E /* Assets.xcassets in Resources */,
				569A35782A89FB8600FE098E /* Main.storyboard in Resources */,
				569A35702A89DB6D00FE098E /* MyPageViewController.xib in Resources */,
				5632E6B92AA7998400728F87 /* EditVideoViewController.xib in Resources */,
				569A35722A89DB6D00FE098E /* InfoViewController.xib in Resources */,
				565C8B0F2A9129C900167A92 /* GoogleService-Info.plist in Resources */,
			);
			runOnlyForDeploymentPostprocessing = 0;
		};
		569A351E2A89C98700FE098E /* Resources */ = {
			isa = PBXResourcesBuildPhase;
			buildActionMask = 2147483647;
			files = (
			);
			runOnlyForDeploymentPostprocessing = 0;
		};
		569A35282A89C98700FE098E /* Resources */ = {
			isa = PBXResourcesBuildPhase;
			buildActionMask = 2147483647;
			files = (
			);
			runOnlyForDeploymentPostprocessing = 0;
		};
/* End PBXResourcesBuildPhase section */

/* Begin PBXShellScriptBuildPhase section */
		2FB429B78EFCBA94D44B9AA3 /* [CP] Check Pods Manifest.lock */ = {
			isa = PBXShellScriptBuildPhase;
			buildActionMask = 2147483647;
			files = (
			);
			inputFileListPaths = (
			);
			inputPaths = (
				"${PODS_PODFILE_DIR_PATH}/Podfile.lock",
				"${PODS_ROOT}/Manifest.lock",
			);
			name = "[CP] Check Pods Manifest.lock";
			outputFileListPaths = (
			);
			outputPaths = (
				"$(DERIVED_FILE_DIR)/Pods-Petmily-checkManifestLockResult.txt",
			);
			runOnlyForDeploymentPostprocessing = 0;
			shellPath = /bin/sh;
			shellScript = "diff \"${PODS_PODFILE_DIR_PATH}/Podfile.lock\" \"${PODS_ROOT}/Manifest.lock\" > /dev/null\nif [ $? != 0 ] ; then\n    # print error to STDERR\n    echo \"error: The sandbox is not in sync with the Podfile.lock. Run 'pod install' or update your CocoaPods installation.\" >&2\n    exit 1\nfi\n# This output is used by Xcode 'outputs' to avoid re-running this script phase.\necho \"SUCCESS\" > \"${SCRIPT_OUTPUT_FILE_0}\"\n";
			showEnvVarsInLog = 0;
		};
		556C3BC84E9BCE6D1D327F6F /* [CP] Embed Pods Frameworks */ = {
			isa = PBXShellScriptBuildPhase;
			buildActionMask = 2147483647;
			files = (
			);
			inputFileListPaths = (
				"${PODS_ROOT}/Target Support Files/Pods-Petmily/Pods-Petmily-frameworks-${CONFIGURATION}-input-files.xcfilelist",
			);
			name = "[CP] Embed Pods Frameworks";
			outputFileListPaths = (
				"${PODS_ROOT}/Target Support Files/Pods-Petmily/Pods-Petmily-frameworks-${CONFIGURATION}-output-files.xcfilelist",
			);
			runOnlyForDeploymentPostprocessing = 0;
			shellPath = /bin/sh;
			shellScript = "\"${PODS_ROOT}/Target Support Files/Pods-Petmily/Pods-Petmily-frameworks.sh\"\n";
			showEnvVarsInLog = 0;
		};
		870CF25DED99953EAECEF55F /* [CP] Check Pods Manifest.lock */ = {
			isa = PBXShellScriptBuildPhase;
			buildActionMask = 2147483647;
			files = (
			);
			inputFileListPaths = (
			);
			inputPaths = (
				"${PODS_PODFILE_DIR_PATH}/Podfile.lock",
				"${PODS_ROOT}/Manifest.lock",
			);
			name = "[CP] Check Pods Manifest.lock";
			outputFileListPaths = (
			);
			outputPaths = (
				"$(DERIVED_FILE_DIR)/Pods-PetmilyTests-checkManifestLockResult.txt",
			);
			runOnlyForDeploymentPostprocessing = 0;
			shellPath = /bin/sh;
			shellScript = "diff \"${PODS_PODFILE_DIR_PATH}/Podfile.lock\" \"${PODS_ROOT}/Manifest.lock\" > /dev/null\nif [ $? != 0 ] ; then\n    # print error to STDERR\n    echo \"error: The sandbox is not in sync with the Podfile.lock. Run 'pod install' or update your CocoaPods installation.\" >&2\n    exit 1\nfi\n# This output is used by Xcode 'outputs' to avoid re-running this script phase.\necho \"SUCCESS\" > \"${SCRIPT_OUTPUT_FILE_0}\"\n";
			showEnvVarsInLog = 0;
		};
		CC84662994DD9DA684C7D2B1 /* [CP] Embed Pods Frameworks */ = {
			isa = PBXShellScriptBuildPhase;
			buildActionMask = 2147483647;
			files = (
			);
			inputFileListPaths = (
				"${PODS_ROOT}/Target Support Files/Pods-Petmily-PetmilyUITests/Pods-Petmily-PetmilyUITests-frameworks-${CONFIGURATION}-input-files.xcfilelist",
			);
			name = "[CP] Embed Pods Frameworks";
			outputFileListPaths = (
				"${PODS_ROOT}/Target Support Files/Pods-Petmily-PetmilyUITests/Pods-Petmily-PetmilyUITests-frameworks-${CONFIGURATION}-output-files.xcfilelist",
			);
			runOnlyForDeploymentPostprocessing = 0;
			shellPath = /bin/sh;
			shellScript = "\"${PODS_ROOT}/Target Support Files/Pods-Petmily-PetmilyUITests/Pods-Petmily-PetmilyUITests-frameworks.sh\"\n";
			showEnvVarsInLog = 0;
		};
		F5A687A5A586232CAE8BBD1E /* [CP] Check Pods Manifest.lock */ = {
			isa = PBXShellScriptBuildPhase;
			buildActionMask = 2147483647;
			files = (
			);
			inputFileListPaths = (
			);
			inputPaths = (
				"${PODS_PODFILE_DIR_PATH}/Podfile.lock",
				"${PODS_ROOT}/Manifest.lock",
			);
			name = "[CP] Check Pods Manifest.lock";
			outputFileListPaths = (
			);
			outputPaths = (
				"$(DERIVED_FILE_DIR)/Pods-Petmily-PetmilyUITests-checkManifestLockResult.txt",
			);
			runOnlyForDeploymentPostprocessing = 0;
			shellPath = /bin/sh;
			shellScript = "diff \"${PODS_PODFILE_DIR_PATH}/Podfile.lock\" \"${PODS_ROOT}/Manifest.lock\" > /dev/null\nif [ $? != 0 ] ; then\n    # print error to STDERR\n    echo \"error: The sandbox is not in sync with the Podfile.lock. Run 'pod install' or update your CocoaPods installation.\" >&2\n    exit 1\nfi\n# This output is used by Xcode 'outputs' to avoid re-running this script phase.\necho \"SUCCESS\" > \"${SCRIPT_OUTPUT_FILE_0}\"\n";
			showEnvVarsInLog = 0;
		};
/* End PBXShellScriptBuildPhase section */

/* Begin PBXSourcesBuildPhase section */
		569A35062A89C98500FE098E /* Sources */ = {
			isa = PBXSourcesBuildPhase;
			buildActionMask = 2147483647;
			files = (
				569A35472A89CE0C00FE098E /* DailyViewController.swift in Sources */,
				56CB42DB2B02237A0038B5F7 /* CacheManager.swift in Sources */,
				FF7D0D362A8D442900F96E02 /* MyPageCollectionViewCell.swift in Sources */,
				56C3CF3A2A8E768D00541EB8 /* FirestoreService.swift in Sources */,
				DF06F8462A8CBFC500B8A875 /* (null) in Sources */,
				569A35422A89CB6E00FE098E /* BaseViewController.swift in Sources */,
				6BBF70942AFE9FC900F58080 /* NewPostPage.swift in Sources */,
				56C3CF592A8F349A00541EB8 /* UserModel.swift in Sources */,
				56CB42D92B0161940038B5F7 /* StroageManager.swift in Sources */,
				56DD2DB82A8E41B5008A9E12 /* ReelCollectionViewCell.swift in Sources */,
				56C3CF2E2A8E482900541EB8 /* UrlBtnCollectionViewCell.swift in Sources */,
				569A355C2A89D10A00FE098E /* CommonUtil.swift in Sources */,
				FF2663292A8CB300000222B3 /* ProfileViewController.swift in Sources */,
				5655C0B42AFE1519002BC9C6 /* TabBarView.swift in Sources */,
				56C3CF572A8F348A00541EB8 /* DailyModel.swift in Sources */,
				339C820E2B0127FB0065AAAD /* NSAttributedString+.swift in Sources */,
				5632E6B42AA793B300728F87 /* CameraViewController.swift in Sources */,
				330FD5402AFE83DD00EBA58C /* InfoView.swift in Sources */,
				33387A0A2B030F10000E8148 /* PopularContentCell.swift in Sources */,
				569A355A2A89CF1B00FE098E /* UIView+Extension.swift in Sources */,
				56C3CF332A8E4A5C00541EB8 /* Common.swift in Sources */,
				5632E6B82AA7998400728F87 /* EditVideoViewController.swift in Sources */,
				569A354F2A89CE2F00FE098E /* AddViewController.swift in Sources */,
				330FD5442AFE841E00EBA58C /* InfoViewController.swift in Sources */,
				FF26632D2A8CB9FE000222B3 /* CustomCollectionView.swift in Sources */,
				56C3CF282A8E475E00541EB8 /* CommonHeaderView.swift in Sources */,
				569A35122A89C98500FE098E /* ViewController.swift in Sources */,
				339C82102B012BB00065AAAD /* AppConstraint.swift in Sources */,
				569A355E2A89D13400FE098E /* DataManager.swift in Sources */,
				B3F405582A91F9280085F4A9 /* ContentsCollectionViewCell.swift in Sources */,
				339C820A2B00C7100065AAAD /* InfoContent.swift in Sources */,
				565C8B162A912E8800167A92 /* ReplyTableViewCell.swift in Sources */,
				56C3CF382A8E765000541EB8 /* InfoModel.swift in Sources */,
				569A350E2A89C98500FE098E /* AppDelegate.swift in Sources */,
				FF6E7F3E2AB34E5A001A906B /* MyPageViewController.swift in Sources */,
				330C5A7A2AFEFFCE00F15272 /* SectionHeaderView.swift in Sources */,
				565C8B122A912DD600167A92 /* ReplyViewController.swift in Sources */,
				330C5A7C2AFF06DB00F15272 /* InfoViewModel.swift in Sources */,
				DF6EB5072AFE73A800EFC2FB /* LocationViewController.swift in Sources */,
				DF1059C42A8C563E00F10DE1 /* InfoTableViewCell.swift in Sources */,
				DF1059CA2A8C749900F10DE1 /* InfoDetailViewController.swift in Sources */,
				FFFB1E7F2A91603D00263D6D /* FirebaseStorageManager.swift in Sources */,
				5655C0B62AFE18D3002BC9C6 /* TabBarController.swift in Sources */,
				56C3CF312A8E4A4200541EB8 /* BaseHeaderViewController.swift in Sources */,
				330FD5422AFE83FE00EBA58C /* ShareInfoViewCell.swift in Sources */,
				B3F405542A91F8420085F4A9 /* AdoptViewController.swift in Sources */,
				569A353F2A89CB3B00FE098E /* IntroViewController.swift in Sources */,
				FF7D08222AC5C1460004CC4E /* UIImageView+Extension.swift in Sources */,
				DF3C50F42B0B899A008F00AF /* KakaoMapViewController.swift in Sources */,
				FF6E7F432AB3822C001A906B /* Const.swift in Sources */,
			);
			runOnlyForDeploymentPostprocessing = 0;
		};
		569A351C2A89C98700FE098E /* Sources */ = {
			isa = PBXSourcesBuildPhase;
			buildActionMask = 2147483647;
			files = (
				569A35252A89C98700FE098E /* PetmilyTests.swift in Sources */,
			);
			runOnlyForDeploymentPostprocessing = 0;
		};
		569A35262A89C98700FE098E /* Sources */ = {
			isa = PBXSourcesBuildPhase;
			buildActionMask = 2147483647;
			files = (
				569A352F2A89C98700FE098E /* PetmilyUITests.swift in Sources */,
				569A35312A89C98700FE098E /* PetmilyUITestsLaunchTests.swift in Sources */,
			);
			runOnlyForDeploymentPostprocessing = 0;
		};
/* End PBXSourcesBuildPhase section */

/* Begin PBXTargetDependency section */
		569A35222A89C98700FE098E /* PBXTargetDependency */ = {
			isa = PBXTargetDependency;
			target = 569A35092A89C98500FE098E /* Petmily */;
			targetProxy = 569A35212A89C98700FE098E /* PBXContainerItemProxy */;
		};
		569A352C2A89C98700FE098E /* PBXTargetDependency */ = {
			isa = PBXTargetDependency;
			target = 569A35092A89C98500FE098E /* Petmily */;
			targetProxy = 569A352B2A89C98700FE098E /* PBXContainerItemProxy */;
		};
/* End PBXTargetDependency section */

/* Begin PBXVariantGroup section */
		569A35182A89C98600FE098E /* LaunchScreen.storyboard */ = {
			isa = PBXVariantGroup;
			children = (
				569A35192A89C98600FE098E /* Base */,
			);
			name = LaunchScreen.storyboard;
			sourceTree = "<group>";
		};
/* End PBXVariantGroup section */

/* Begin XCBuildConfiguration section */
		569A35322A89C98700FE098E /* Debug */ = {
			isa = XCBuildConfiguration;
			buildSettings = {
				ALWAYS_SEARCH_USER_PATHS = NO;
				CLANG_ANALYZER_NONNULL = YES;
				CLANG_ANALYZER_NUMBER_OBJECT_CONVERSION = YES_AGGRESSIVE;
				CLANG_CXX_LANGUAGE_STANDARD = "gnu++20";
				CLANG_ENABLE_MODULES = YES;
				CLANG_ENABLE_OBJC_ARC = YES;
				CLANG_ENABLE_OBJC_WEAK = YES;
				CLANG_WARN_BLOCK_CAPTURE_AUTORELEASING = YES;
				CLANG_WARN_BOOL_CONVERSION = YES;
				CLANG_WARN_COMMA = YES;
				CLANG_WARN_CONSTANT_CONVERSION = YES;
				CLANG_WARN_DEPRECATED_OBJC_IMPLEMENTATIONS = YES;
				CLANG_WARN_DIRECT_OBJC_ISA_USAGE = YES_ERROR;
				CLANG_WARN_DOCUMENTATION_COMMENTS = YES;
				CLANG_WARN_EMPTY_BODY = YES;
				CLANG_WARN_ENUM_CONVERSION = YES;
				CLANG_WARN_INFINITE_RECURSION = YES;
				CLANG_WARN_INT_CONVERSION = YES;
				CLANG_WARN_NON_LITERAL_NULL_CONVERSION = YES;
				CLANG_WARN_OBJC_IMPLICIT_RETAIN_SELF = YES;
				CLANG_WARN_OBJC_LITERAL_CONVERSION = YES;
				CLANG_WARN_OBJC_ROOT_CLASS = YES_ERROR;
				CLANG_WARN_QUOTED_INCLUDE_IN_FRAMEWORK_HEADER = YES;
				CLANG_WARN_RANGE_LOOP_ANALYSIS = YES;
				CLANG_WARN_STRICT_PROTOTYPES = YES;
				CLANG_WARN_SUSPICIOUS_MOVE = YES;
				CLANG_WARN_UNGUARDED_AVAILABILITY = YES_AGGRESSIVE;
				CLANG_WARN_UNREACHABLE_CODE = YES;
				CLANG_WARN__DUPLICATE_METHOD_MATCH = YES;
				COPY_PHASE_STRIP = NO;
				DEBUG_INFORMATION_FORMAT = dwarf;
				ENABLE_STRICT_OBJC_MSGSEND = YES;
				ENABLE_TESTABILITY = YES;
				GCC_C_LANGUAGE_STANDARD = gnu11;
				GCC_DYNAMIC_NO_PIC = NO;
				GCC_NO_COMMON_BLOCKS = YES;
				GCC_OPTIMIZATION_LEVEL = 0;
				GCC_PREPROCESSOR_DEFINITIONS = (
					"DEBUG=1",
					"$(inherited)",
				);
				GCC_WARN_64_TO_32_BIT_CONVERSION = YES;
				GCC_WARN_ABOUT_RETURN_TYPE = YES_ERROR;
				GCC_WARN_UNDECLARED_SELECTOR = YES;
				GCC_WARN_UNINITIALIZED_AUTOS = YES_AGGRESSIVE;
				GCC_WARN_UNUSED_FUNCTION = YES;
				GCC_WARN_UNUSED_VARIABLE = YES;
				IPHONEOS_DEPLOYMENT_TARGET = 15.1;
				MTL_ENABLE_DEBUG_INFO = INCLUDE_SOURCE;
				MTL_FAST_MATH = YES;
				ONLY_ACTIVE_ARCH = YES;
				SDKROOT = iphoneos;
				SWIFT_ACTIVE_COMPILATION_CONDITIONS = DEBUG;
				SWIFT_OPTIMIZATION_LEVEL = "-Onone";
			};
			name = Debug;
		};
		569A35332A89C98700FE098E /* Release */ = {
			isa = XCBuildConfiguration;
			buildSettings = {
				ALWAYS_SEARCH_USER_PATHS = NO;
				CLANG_ANALYZER_NONNULL = YES;
				CLANG_ANALYZER_NUMBER_OBJECT_CONVERSION = YES_AGGRESSIVE;
				CLANG_CXX_LANGUAGE_STANDARD = "gnu++20";
				CLANG_ENABLE_MODULES = YES;
				CLANG_ENABLE_OBJC_ARC = YES;
				CLANG_ENABLE_OBJC_WEAK = YES;
				CLANG_WARN_BLOCK_CAPTURE_AUTORELEASING = YES;
				CLANG_WARN_BOOL_CONVERSION = YES;
				CLANG_WARN_COMMA = YES;
				CLANG_WARN_CONSTANT_CONVERSION = YES;
				CLANG_WARN_DEPRECATED_OBJC_IMPLEMENTATIONS = YES;
				CLANG_WARN_DIRECT_OBJC_ISA_USAGE = YES_ERROR;
				CLANG_WARN_DOCUMENTATION_COMMENTS = YES;
				CLANG_WARN_EMPTY_BODY = YES;
				CLANG_WARN_ENUM_CONVERSION = YES;
				CLANG_WARN_INFINITE_RECURSION = YES;
				CLANG_WARN_INT_CONVERSION = YES;
				CLANG_WARN_NON_LITERAL_NULL_CONVERSION = YES;
				CLANG_WARN_OBJC_IMPLICIT_RETAIN_SELF = YES;
				CLANG_WARN_OBJC_LITERAL_CONVERSION = YES;
				CLANG_WARN_OBJC_ROOT_CLASS = YES_ERROR;
				CLANG_WARN_QUOTED_INCLUDE_IN_FRAMEWORK_HEADER = YES;
				CLANG_WARN_RANGE_LOOP_ANALYSIS = YES;
				CLANG_WARN_STRICT_PROTOTYPES = YES;
				CLANG_WARN_SUSPICIOUS_MOVE = YES;
				CLANG_WARN_UNGUARDED_AVAILABILITY = YES_AGGRESSIVE;
				CLANG_WARN_UNREACHABLE_CODE = YES;
				CLANG_WARN__DUPLICATE_METHOD_MATCH = YES;
				COPY_PHASE_STRIP = NO;
				DEBUG_INFORMATION_FORMAT = "dwarf-with-dsym";
				ENABLE_NS_ASSERTIONS = NO;
				ENABLE_STRICT_OBJC_MSGSEND = YES;
				GCC_C_LANGUAGE_STANDARD = gnu11;
				GCC_NO_COMMON_BLOCKS = YES;
				GCC_WARN_64_TO_32_BIT_CONVERSION = YES;
				GCC_WARN_ABOUT_RETURN_TYPE = YES_ERROR;
				GCC_WARN_UNDECLARED_SELECTOR = YES;
				GCC_WARN_UNINITIALIZED_AUTOS = YES_AGGRESSIVE;
				GCC_WARN_UNUSED_FUNCTION = YES;
				GCC_WARN_UNUSED_VARIABLE = YES;
				IPHONEOS_DEPLOYMENT_TARGET = 15.1;
				MTL_ENABLE_DEBUG_INFO = NO;
				MTL_FAST_MATH = YES;
				SDKROOT = iphoneos;
				SWIFT_COMPILATION_MODE = wholemodule;
				SWIFT_OPTIMIZATION_LEVEL = "-O";
				VALIDATE_PRODUCT = YES;
			};
			name = Release;
		};
		569A35352A89C98700FE098E /* Debug */ = {
			isa = XCBuildConfiguration;
			baseConfigurationReference = C29B249BDBFA1CA5A80548A3 /* Pods-Petmily.debug.xcconfig */;
			buildSettings = {
				ASSETCATALOG_COMPILER_APPICON_NAME = AppIcon;
				ASSETCATALOG_COMPILER_GLOBAL_ACCENT_COLOR_NAME = AccentColor;
				CODE_SIGN_STYLE = Automatic;
				CURRENT_PROJECT_VERSION = 1;
				DEVELOPMENT_TEAM = NNZY5VCJT4;
				GENERATE_INFOPLIST_FILE = YES;
				INFOPLIST_FILE = Petmily/Info.plist;
				INFOPLIST_KEY_NSCameraUsageDescription = "카메라 사용";
				INFOPLIST_KEY_NSPhotoLibraryUsageDescription = "앨범 사용";
				INFOPLIST_KEY_UIApplicationSupportsIndirectInputEvents = YES;
				INFOPLIST_KEY_UILaunchStoryboardName = LaunchScreen;
				INFOPLIST_KEY_UISupportedInterfaceOrientations_iPad = "UIInterfaceOrientationPortrait UIInterfaceOrientationPortraitUpsideDown UIInterfaceOrientationLandscapeLeft UIInterfaceOrientationLandscapeRight";
				INFOPLIST_KEY_UISupportedInterfaceOrientations_iPhone = "UIInterfaceOrientationPortrait UIInterfaceOrientationLandscapeLeft UIInterfaceOrientationLandscapeRight";
				LD_RUNPATH_SEARCH_PATHS = (
					"$(inherited)",
					"@executable_path/Frameworks",
				);
				MARKETING_VERSION = 1.0;
				PRODUCT_BUNDLE_IDENTIFIER = com.ddutda.Petmily;
				PRODUCT_NAME = "$(TARGET_NAME)";
				SWIFT_EMIT_LOC_STRINGS = YES;
				SWIFT_VERSION = 5.0;
				TARGETED_DEVICE_FAMILY = "1,2";
			};
			name = Debug;
		};
		569A35362A89C98700FE098E /* Release */ = {
			isa = XCBuildConfiguration;
			baseConfigurationReference = 633E801253E9A9E9DD6A8217 /* Pods-Petmily.release.xcconfig */;
			buildSettings = {
				ASSETCATALOG_COMPILER_APPICON_NAME = AppIcon;
				ASSETCATALOG_COMPILER_GLOBAL_ACCENT_COLOR_NAME = AccentColor;
				CODE_SIGN_STYLE = Automatic;
				CURRENT_PROJECT_VERSION = 1;
				DEVELOPMENT_TEAM = NNZY5VCJT4;
				GENERATE_INFOPLIST_FILE = YES;
				INFOPLIST_FILE = Petmily/Info.plist;
				INFOPLIST_KEY_NSCameraUsageDescription = "카메라 사용";
				INFOPLIST_KEY_NSPhotoLibraryUsageDescription = "앨범 사용";
				INFOPLIST_KEY_UIApplicationSupportsIndirectInputEvents = YES;
				INFOPLIST_KEY_UILaunchStoryboardName = LaunchScreen;
				INFOPLIST_KEY_UISupportedInterfaceOrientations_iPad = "UIInterfaceOrientationPortrait UIInterfaceOrientationPortraitUpsideDown UIInterfaceOrientationLandscapeLeft UIInterfaceOrientationLandscapeRight";
				INFOPLIST_KEY_UISupportedInterfaceOrientations_iPhone = "UIInterfaceOrientationPortrait UIInterfaceOrientationLandscapeLeft UIInterfaceOrientationLandscapeRight";
				LD_RUNPATH_SEARCH_PATHS = (
					"$(inherited)",
					"@executable_path/Frameworks",
				);
				MARKETING_VERSION = 1.0;
				PRODUCT_BUNDLE_IDENTIFIER = com.ddutda.Petmily;
				PRODUCT_NAME = "$(TARGET_NAME)";
				SWIFT_EMIT_LOC_STRINGS = YES;
				SWIFT_VERSION = 5.0;
				TARGETED_DEVICE_FAMILY = "1,2";
			};
			name = Release;
		};
		569A35382A89C98700FE098E /* Debug */ = {
			isa = XCBuildConfiguration;
			baseConfigurationReference = 2BE0D3DBC8AA9A473D93D7B5 /* Pods-PetmilyTests.debug.xcconfig */;
			buildSettings = {
				ALWAYS_EMBED_SWIFT_STANDARD_LIBRARIES = YES;
				BUNDLE_LOADER = "$(TEST_HOST)";
				CODE_SIGN_STYLE = Automatic;
				CURRENT_PROJECT_VERSION = 1;
				DEVELOPMENT_TEAM = YRZW7MZ3P5;
				GENERATE_INFOPLIST_FILE = YES;
				IPHONEOS_DEPLOYMENT_TARGET = 16.4;
				MARKETING_VERSION = 1.0;
				PRODUCT_BUNDLE_IDENTIFIER = com.jingni.PetmilyTests;
				PRODUCT_NAME = "$(TARGET_NAME)";
				SWIFT_EMIT_LOC_STRINGS = NO;
				SWIFT_VERSION = 5.0;
				TARGETED_DEVICE_FAMILY = "1,2";
				TEST_HOST = "$(BUILT_PRODUCTS_DIR)/Petmily.app/$(BUNDLE_EXECUTABLE_FOLDER_PATH)/Petmily";
			};
			name = Debug;
		};
		569A35392A89C98700FE098E /* Release */ = {
			isa = XCBuildConfiguration;
			baseConfigurationReference = 230CD642811FD4A07031BA63 /* Pods-PetmilyTests.release.xcconfig */;
			buildSettings = {
				ALWAYS_EMBED_SWIFT_STANDARD_LIBRARIES = YES;
				BUNDLE_LOADER = "$(TEST_HOST)";
				CODE_SIGN_STYLE = Automatic;
				CURRENT_PROJECT_VERSION = 1;
				DEVELOPMENT_TEAM = YRZW7MZ3P5;
				GENERATE_INFOPLIST_FILE = YES;
				IPHONEOS_DEPLOYMENT_TARGET = 16.4;
				MARKETING_VERSION = 1.0;
				PRODUCT_BUNDLE_IDENTIFIER = com.jingni.PetmilyTests;
				PRODUCT_NAME = "$(TARGET_NAME)";
				SWIFT_EMIT_LOC_STRINGS = NO;
				SWIFT_VERSION = 5.0;
				TARGETED_DEVICE_FAMILY = "1,2";
				TEST_HOST = "$(BUILT_PRODUCTS_DIR)/Petmily.app/$(BUNDLE_EXECUTABLE_FOLDER_PATH)/Petmily";
			};
			name = Release;
		};
		569A353B2A89C98700FE098E /* Debug */ = {
			isa = XCBuildConfiguration;
			baseConfigurationReference = 3C595EDD8E8E55BAEC433D26 /* Pods-Petmily-PetmilyUITests.debug.xcconfig */;
			buildSettings = {
				ALWAYS_EMBED_SWIFT_STANDARD_LIBRARIES = YES;
				CODE_SIGN_STYLE = Automatic;
				CURRENT_PROJECT_VERSION = 1;
				DEVELOPMENT_TEAM = NNZY5VCJT4;
				GENERATE_INFOPLIST_FILE = YES;
				MARKETING_VERSION = 1.0;
				PRODUCT_BUNDLE_IDENTIFIER = com.jingni.PetmilyUITests;
				PRODUCT_NAME = "$(TARGET_NAME)";
				SWIFT_EMIT_LOC_STRINGS = NO;
				SWIFT_VERSION = 5.0;
				TARGETED_DEVICE_FAMILY = "1,2";
				TEST_TARGET_NAME = Petmily;
			};
			name = Debug;
		};
		569A353C2A89C98700FE098E /* Release */ = {
			isa = XCBuildConfiguration;
			baseConfigurationReference = A9ADE19EC564B42522E24C87 /* Pods-Petmily-PetmilyUITests.release.xcconfig */;
			buildSettings = {
				ALWAYS_EMBED_SWIFT_STANDARD_LIBRARIES = YES;
				CODE_SIGN_STYLE = Automatic;
				CURRENT_PROJECT_VERSION = 1;
				DEVELOPMENT_TEAM = NNZY5VCJT4;
				GENERATE_INFOPLIST_FILE = YES;
				MARKETING_VERSION = 1.0;
				PRODUCT_BUNDLE_IDENTIFIER = com.jingni.PetmilyUITests;
				PRODUCT_NAME = "$(TARGET_NAME)";
				SWIFT_EMIT_LOC_STRINGS = NO;
				SWIFT_VERSION = 5.0;
				TARGETED_DEVICE_FAMILY = "1,2";
				TEST_TARGET_NAME = Petmily;
			};
			name = Release;
		};
/* End XCBuildConfiguration section */

/* Begin XCConfigurationList section */
		569A35052A89C98500FE098E /* Build configuration list for PBXProject "Petmily" */ = {
			isa = XCConfigurationList;
			buildConfigurations = (
				569A35322A89C98700FE098E /* Debug */,
				569A35332A89C98700FE098E /* Release */,
			);
			defaultConfigurationIsVisible = 0;
			defaultConfigurationName = Release;
		};
		569A35342A89C98700FE098E /* Build configuration list for PBXNativeTarget "Petmily" */ = {
			isa = XCConfigurationList;
			buildConfigurations = (
				569A35352A89C98700FE098E /* Debug */,
				569A35362A89C98700FE098E /* Release */,
			);
			defaultConfigurationIsVisible = 0;
			defaultConfigurationName = Release;
		};
		569A35372A89C98700FE098E /* Build configuration list for PBXNativeTarget "PetmilyTests" */ = {
			isa = XCConfigurationList;
			buildConfigurations = (
				569A35382A89C98700FE098E /* Debug */,
				569A35392A89C98700FE098E /* Release */,
			);
			defaultConfigurationIsVisible = 0;
			defaultConfigurationName = Release;
		};
		569A353A2A89C98700FE098E /* Build configuration list for PBXNativeTarget "PetmilyUITests" */ = {
			isa = XCConfigurationList;
			buildConfigurations = (
				569A353B2A89C98700FE098E /* Debug */,
				569A353C2A89C98700FE098E /* Release */,
			);
			defaultConfigurationIsVisible = 0;
			defaultConfigurationName = Release;
		};
/* End XCConfigurationList section */

/* Begin XCRemoteSwiftPackageReference section */
		5655C0B72B00BF19002BC9C6 /* XCRemoteSwiftPackageReference "firebase-ios-sdk" */ = {
			isa = XCRemoteSwiftPackageReference;
			repositoryURL = "https://github.com/firebase/firebase-ios-sdk";
			requirement = {
				kind = upToNextMajorVersion;
				minimumVersion = 10.0.0;
			};
		};
		DF3C50F02B0AE6AF008F00AF /* XCRemoteSwiftPackageReference "KakaoMapsSDK-SPM" */ = {
			isa = XCRemoteSwiftPackageReference;
			repositoryURL = "https://github.com/kakao-mapsSDK/KakaoMapsSDK-SPM.git";
			requirement = {
				kind = upToNextMajorVersion;
				minimumVersion = 2.6.3;
			};
		};
		FF6E7F3F2AB366F2001A906B /* XCRemoteSwiftPackageReference "SnapKit" */ = {
			isa = XCRemoteSwiftPackageReference;
			repositoryURL = "https://github.com/SnapKit/SnapKit.git";
			requirement = {
				kind = upToNextMajorVersion;
				minimumVersion = 5.0.0;
			};
		};
/* End XCRemoteSwiftPackageReference section */

/* Begin XCSwiftPackageProductDependency section */
		5655C0B82B00BF19002BC9C6 /* FirebaseAnalytics */ = {
			isa = XCSwiftPackageProductDependency;
			package = 5655C0B72B00BF19002BC9C6 /* XCRemoteSwiftPackageReference "firebase-ios-sdk" */;
			productName = FirebaseAnalytics;
		};
		5655C0BA2B00BF19002BC9C6 /* FirebaseAnalyticsSwift */ = {
			isa = XCSwiftPackageProductDependency;
			package = 5655C0B72B00BF19002BC9C6 /* XCRemoteSwiftPackageReference "firebase-ios-sdk" */;
			productName = FirebaseAnalyticsSwift;
		};
		5655C0BC2B00BF19002BC9C6 /* FirebaseAuth */ = {
			isa = XCSwiftPackageProductDependency;
			package = 5655C0B72B00BF19002BC9C6 /* XCRemoteSwiftPackageReference "firebase-ios-sdk" */;
			productName = FirebaseAuth;
		};
		5655C0BE2B00BF19002BC9C6 /* FirebaseCrashlytics */ = {
			isa = XCSwiftPackageProductDependency;
			package = 5655C0B72B00BF19002BC9C6 /* XCRemoteSwiftPackageReference "firebase-ios-sdk" */;
			productName = FirebaseCrashlytics;
		};
		5655C0C02B00BF19002BC9C6 /* FirebaseDatabase */ = {
			isa = XCSwiftPackageProductDependency;
			package = 5655C0B72B00BF19002BC9C6 /* XCRemoteSwiftPackageReference "firebase-ios-sdk" */;
			productName = FirebaseDatabase;
		};
		5655C0C22B00BF19002BC9C6 /* FirebaseDatabaseSwift */ = {
			isa = XCSwiftPackageProductDependency;
			package = 5655C0B72B00BF19002BC9C6 /* XCRemoteSwiftPackageReference "firebase-ios-sdk" */;
			productName = FirebaseDatabaseSwift;
		};
		5655C0C42B00BF19002BC9C6 /* FirebaseFirestore */ = {
			isa = XCSwiftPackageProductDependency;
			package = 5655C0B72B00BF19002BC9C6 /* XCRemoteSwiftPackageReference "firebase-ios-sdk" */;
			productName = FirebaseFirestore;
		};
		5655C0C62B00BF19002BC9C6 /* FirebaseFirestoreSwift */ = {
			isa = XCSwiftPackageProductDependency;
			package = 5655C0B72B00BF19002BC9C6 /* XCRemoteSwiftPackageReference "firebase-ios-sdk" */;
			productName = FirebaseFirestoreSwift;
		};
		5655C0C82B00BF19002BC9C6 /* FirebaseMessaging */ = {
			isa = XCSwiftPackageProductDependency;
			package = 5655C0B72B00BF19002BC9C6 /* XCRemoteSwiftPackageReference "firebase-ios-sdk" */;
			productName = FirebaseMessaging;
		};
		5655C0CA2B00BF19002BC9C6 /* FirebaseStorage */ = {
			isa = XCSwiftPackageProductDependency;
			package = 5655C0B72B00BF19002BC9C6 /* XCRemoteSwiftPackageReference "firebase-ios-sdk" */;
			productName = FirebaseStorage;
		};
		DF3C50F12B0AE6AF008F00AF /* KakaoMapsSDK_SPM */ = {
			isa = XCSwiftPackageProductDependency;
			package = DF3C50F02B0AE6AF008F00AF /* XCRemoteSwiftPackageReference "KakaoMapsSDK-SPM" */;
			productName = KakaoMapsSDK_SPM;
		};
		FF6E7F402AB366F2001A906B /* SnapKit */ = {
			isa = XCSwiftPackageProductDependency;
			package = FF6E7F3F2AB366F2001A906B /* XCRemoteSwiftPackageReference "SnapKit" */;
			productName = SnapKit;
		};
/* End XCSwiftPackageProductDependency section */
	};
	rootObject = 569A35022A89C98500FE098E /* Project object */;
}
